// !$*UTF8*$!
{
	archiveVersion = 1;
	classes = {
	};
	objectVersion = 55;
	objects = {

/* Begin PBXBuildFile section */
		94CB4FE927B8F7350025F46C /* AppDelegate.swift in Sources */ = {isa = PBXBuildFile; fileRef = 94CB4FE827B8F7350025F46C /* AppDelegate.swift */; };
		94CB4FEB27B8F7350025F46C /* SceneDelegate.swift in Sources */ = {isa = PBXBuildFile; fileRef = 94CB4FEA27B8F7350025F46C /* SceneDelegate.swift */; };
		94CB4FF227B8F7360025F46C /* Assets.xcassets in Resources */ = {isa = PBXBuildFile; fileRef = 94CB4FF127B8F7360025F46C /* Assets.xcassets */; };
		94CB4FF527B8F7360025F46C /* LaunchScreen.storyboard in Resources */ = {isa = PBXBuildFile; fileRef = 94CB4FF327B8F7360025F46C /* LaunchScreen.storyboard */; };
		94CB500027B8F7360025F46C /* TaskyTests.swift in Sources */ = {isa = PBXBuildFile; fileRef = 94CB4FFF27B8F7360025F46C /* TaskyTests.swift */; };
		94CB500A27B8F7360025F46C /* TaskyUITests.swift in Sources */ = {isa = PBXBuildFile; fileRef = 94CB500927B8F7360025F46C /* TaskyUITests.swift */; };
		94CB500C27B8F7360025F46C /* TaskyUITestsLaunchTests.swift in Sources */ = {isa = PBXBuildFile; fileRef = 94CB500B27B8F7360025F46C /* TaskyUITestsLaunchTests.swift */; };
		94D7BA3527B975DC00C249EB /* HeaderView.swift in Sources */ = {isa = PBXBuildFile; fileRef = 94D7BA3427B975DC00C249EB /* HeaderView.swift */; };
		94D7BA3727B9852200C249EB /* FavoritesSection.swift in Sources */ = {isa = PBXBuildFile; fileRef = 94D7BA3627B9852200C249EB /* FavoritesSection.swift */; };
		94D7BA3927B9854400C249EB /* CategoreySection.swift in Sources */ = {isa = PBXBuildFile; fileRef = 94D7BA3827B9854400C249EB /* CategoreySection.swift */; };
		94D7BA3B27B9855F00C249EB /* Section.swift in Sources */ = {isa = PBXBuildFile; fileRef = 94D7BA3A27B9855F00C249EB /* Section.swift */; };
		94D7BA3D27B9857E00C249EB /* DataSource.swift in Sources */ = {isa = PBXBuildFile; fileRef = 94D7BA3C27B9857E00C249EB /* DataSource.swift */; };
		94D7BA4027B986B300C249EB /* UIHelper.swift in Sources */ = {isa = PBXBuildFile; fileRef = 94D7BA3F27B986B300C249EB /* UIHelper.swift */; };
		94D9468227B902EE00E46EB9 /* Coordinator.swift in Sources */ = {isa = PBXBuildFile; fileRef = 94D9468127B902ED00E46EB9 /* Coordinator.swift */; };
		94D9468427B9030C00E46EB9 /* ApplicationCoordinator.swift in Sources */ = {isa = PBXBuildFile; fileRef = 94D9468327B9030C00E46EB9 /* ApplicationCoordinator.swift */; };
		94D9468627B903D200E46EB9 /* UITabBar+Extension.swift in Sources */ = {isa = PBXBuildFile; fileRef = 94D9468527B903D200E46EB9 /* UITabBar+Extension.swift */; };
		94D9468827B9058200E46EB9 /* Task.swift in Sources */ = {isa = PBXBuildFile; fileRef = 94D9468727B9058100E46EB9 /* Task.swift */; };
		94D9468A27B9067000E46EB9 /* SplashViewController.swift in Sources */ = {isa = PBXBuildFile; fileRef = 94D9468927B9067000E46EB9 /* SplashViewController.swift */; };
		94D9468F27B90AD600E46EB9 /* AppConstants.swift in Sources */ = {isa = PBXBuildFile; fileRef = 94D9468E27B90AD500E46EB9 /* AppConstants.swift */; };
		94D9469227B90CAB00E46EB9 /* DataStorage.swift in Sources */ = {isa = PBXBuildFile; fileRef = 94D9469127B90CAB00E46EB9 /* DataStorage.swift */; };
		94D9469427B90CC400E46EB9 /* Logger.swift in Sources */ = {isa = PBXBuildFile; fileRef = 94D9469327B90CC400E46EB9 /* Logger.swift */; };
		94D9469727B90E7C00E46EB9 /* TasksViewController.swift in Sources */ = {isa = PBXBuildFile; fileRef = 94D9469627B90E7C00E46EB9 /* TasksViewController.swift */; };
		94D9469C27B9116200E46EB9 /* Setting.swift in Sources */ = {isa = PBXBuildFile; fileRef = 94D9469B27B9116200E46EB9 /* Setting.swift */; };
		94D9469E27B911DD00E46EB9 /* SettingsViewController.swift in Sources */ = {isa = PBXBuildFile; fileRef = 94D9469D27B911DD00E46EB9 /* SettingsViewController.swift */; };
		94D946A127B9122000E46EB9 /* ListsViewController.swift in Sources */ = {isa = PBXBuildFile; fileRef = 94D946A027B9122000E46EB9 /* ListsViewController.swift */; };
		94D946A427B9130100E46EB9 /* HomeViewController.swift in Sources */ = {isa = PBXBuildFile; fileRef = 94D946A327B9130100E46EB9 /* HomeViewController.swift */; };
		94D946A727B9134700E46EB9 /* TabBarViewController.swift in Sources */ = {isa = PBXBuildFile; fileRef = 94D946A627B9134700E46EB9 /* TabBarViewController.swift */; };
		94D946A927B9187D00E46EB9 /* List.swift in Sources */ = {isa = PBXBuildFile; fileRef = 94D946A827B9187D00E46EB9 /* List.swift */; };
		94D946AB27B91A0200E46EB9 /* ColumnFlowLayout.swift in Sources */ = {isa = PBXBuildFile; fileRef = 94D946AA27B91A0200E46EB9 /* ColumnFlowLayout.swift */; };
		94D946AD27B9243200E46EB9 /* NewListViewController.swift in Sources */ = {isa = PBXBuildFile; fileRef = 94D946AC27B9243200E46EB9 /* NewListViewController.swift */; };
		94D946B127B9271300E46EB9 /* Tab.swift in Sources */ = {isa = PBXBuildFile; fileRef = 94D946B027B9271300E46EB9 /* Tab.swift */; };
		94D946B327B92F0E00E46EB9 /* ListCollectionViewCell.swift in Sources */ = {isa = PBXBuildFile; fileRef = 94D946B227B92F0E00E46EB9 /* ListCollectionViewCell.swift */; };
		94D946B527B9333600E46EB9 /* Priority.swift in Sources */ = {isa = PBXBuildFile; fileRef = 94D946B427B9333600E46EB9 /* Priority.swift */; };
/* End PBXBuildFile section */

/* Begin PBXContainerItemProxy section */
		94CB4FFC27B8F7360025F46C /* PBXContainerItemProxy */ = {
			isa = PBXContainerItemProxy;
			containerPortal = 94CB4FDD27B8F7350025F46C /* Project object */;
			proxyType = 1;
			remoteGlobalIDString = 94CB4FE427B8F7350025F46C;
			remoteInfo = Tasky;
		};
		94CB500627B8F7360025F46C /* PBXContainerItemProxy */ = {
			isa = PBXContainerItemProxy;
			containerPortal = 94CB4FDD27B8F7350025F46C /* Project object */;
			proxyType = 1;
			remoteGlobalIDString = 94CB4FE427B8F7350025F46C;
			remoteInfo = Tasky;
		};
/* End PBXContainerItemProxy section */

/* Begin PBXFileReference section */
		94CB4FE527B8F7350025F46C /* Tasky.app */ = {isa = PBXFileReference; explicitFileType = wrapper.application; includeInIndex = 0; path = Tasky.app; sourceTree = BUILT_PRODUCTS_DIR; };
		94CB4FE827B8F7350025F46C /* AppDelegate.swift */ = {isa = PBXFileReference; lastKnownFileType = sourcecode.swift; path = AppDelegate.swift; sourceTree = "<group>"; };
		94CB4FEA27B8F7350025F46C /* SceneDelegate.swift */ = {isa = PBXFileReference; lastKnownFileType = sourcecode.swift; path = SceneDelegate.swift; sourceTree = "<group>"; };
		94CB4FF127B8F7360025F46C /* Assets.xcassets */ = {isa = PBXFileReference; lastKnownFileType = folder.assetcatalog; path = Assets.xcassets; sourceTree = "<group>"; };
		94CB4FF427B8F7360025F46C /* Base */ = {isa = PBXFileReference; lastKnownFileType = file.storyboard; name = Base; path = Base.lproj/LaunchScreen.storyboard; sourceTree = "<group>"; };
		94CB4FF627B8F7360025F46C /* Info.plist */ = {isa = PBXFileReference; lastKnownFileType = text.plist.xml; path = Info.plist; sourceTree = "<group>"; };
		94CB4FFB27B8F7360025F46C /* TaskyTests.xctest */ = {isa = PBXFileReference; explicitFileType = wrapper.cfbundle; includeInIndex = 0; path = TaskyTests.xctest; sourceTree = BUILT_PRODUCTS_DIR; };
		94CB4FFF27B8F7360025F46C /* TaskyTests.swift */ = {isa = PBXFileReference; lastKnownFileType = sourcecode.swift; path = TaskyTests.swift; sourceTree = "<group>"; };
		94CB500527B8F7360025F46C /* TaskyUITests.xctest */ = {isa = PBXFileReference; explicitFileType = wrapper.cfbundle; includeInIndex = 0; path = TaskyUITests.xctest; sourceTree = BUILT_PRODUCTS_DIR; };
		94CB500927B8F7360025F46C /* TaskyUITests.swift */ = {isa = PBXFileReference; lastKnownFileType = sourcecode.swift; path = TaskyUITests.swift; sourceTree = "<group>"; };
		94CB500B27B8F7360025F46C /* TaskyUITestsLaunchTests.swift */ = {isa = PBXFileReference; lastKnownFileType = sourcecode.swift; path = TaskyUITestsLaunchTests.swift; sourceTree = "<group>"; };
		94D7BA3427B975DC00C249EB /* HeaderView.swift */ = {isa = PBXFileReference; lastKnownFileType = sourcecode.swift; path = HeaderView.swift; sourceTree = "<group>"; };
		94D7BA3627B9852200C249EB /* FavoritesSection.swift */ = {isa = PBXFileReference; lastKnownFileType = sourcecode.swift; path = FavoritesSection.swift; sourceTree = "<group>"; };
		94D7BA3827B9854400C249EB /* CategoreySection.swift */ = {isa = PBXFileReference; lastKnownFileType = sourcecode.swift; path = CategoreySection.swift; sourceTree = "<group>"; };
		94D7BA3A27B9855F00C249EB /* Section.swift */ = {isa = PBXFileReference; lastKnownFileType = sourcecode.swift; path = Section.swift; sourceTree = "<group>"; };
		94D7BA3C27B9857E00C249EB /* DataSource.swift */ = {isa = PBXFileReference; lastKnownFileType = sourcecode.swift; path = DataSource.swift; sourceTree = "<group>"; };
		94D7BA3F27B986B300C249EB /* UIHelper.swift */ = {isa = PBXFileReference; lastKnownFileType = sourcecode.swift; path = UIHelper.swift; sourceTree = "<group>"; };
		94D9468127B902ED00E46EB9 /* Coordinator.swift */ = {isa = PBXFileReference; lastKnownFileType = sourcecode.swift; path = Coordinator.swift; sourceTree = "<group>"; };
		94D9468327B9030C00E46EB9 /* ApplicationCoordinator.swift */ = {isa = PBXFileReference; lastKnownFileType = sourcecode.swift; path = ApplicationCoordinator.swift; sourceTree = "<group>"; };
		94D9468527B903D200E46EB9 /* UITabBar+Extension.swift */ = {isa = PBXFileReference; lastKnownFileType = sourcecode.swift; path = "UITabBar+Extension.swift"; sourceTree = "<group>"; };
		94D9468727B9058100E46EB9 /* Task.swift */ = {isa = PBXFileReference; lastKnownFileType = sourcecode.swift; path = Task.swift; sourceTree = "<group>"; };
		94D9468927B9067000E46EB9 /* SplashViewController.swift */ = {isa = PBXFileReference; lastKnownFileType = sourcecode.swift; path = SplashViewController.swift; sourceTree = "<group>"; };
		94D9468E27B90AD500E46EB9 /* AppConstants.swift */ = {isa = PBXFileReference; lastKnownFileType = sourcecode.swift; path = AppConstants.swift; sourceTree = "<group>"; };
		94D9469127B90CAB00E46EB9 /* DataStorage.swift */ = {isa = PBXFileReference; lastKnownFileType = sourcecode.swift; path = DataStorage.swift; sourceTree = "<group>"; };
		94D9469327B90CC400E46EB9 /* Logger.swift */ = {isa = PBXFileReference; lastKnownFileType = sourcecode.swift; path = Logger.swift; sourceTree = "<group>"; };
		94D9469627B90E7C00E46EB9 /* TasksViewController.swift */ = {isa = PBXFileReference; lastKnownFileType = sourcecode.swift; path = TasksViewController.swift; sourceTree = "<group>"; };
		94D9469B27B9116200E46EB9 /* Setting.swift */ = {isa = PBXFileReference; lastKnownFileType = sourcecode.swift; path = Setting.swift; sourceTree = "<group>"; };
		94D9469D27B911DD00E46EB9 /* SettingsViewController.swift */ = {isa = PBXFileReference; lastKnownFileType = sourcecode.swift; path = SettingsViewController.swift; sourceTree = "<group>"; };
		94D946A027B9122000E46EB9 /* ListsViewController.swift */ = {isa = PBXFileReference; lastKnownFileType = sourcecode.swift; path = ListsViewController.swift; sourceTree = "<group>"; };
		94D946A327B9130100E46EB9 /* HomeViewController.swift */ = {isa = PBXFileReference; lastKnownFileType = sourcecode.swift; path = HomeViewController.swift; sourceTree = "<group>"; };
		94D946A627B9134700E46EB9 /* TabBarViewController.swift */ = {isa = PBXFileReference; lastKnownFileType = sourcecode.swift; path = TabBarViewController.swift; sourceTree = "<group>"; };
		94D946A827B9187D00E46EB9 /* List.swift */ = {isa = PBXFileReference; lastKnownFileType = sourcecode.swift; path = List.swift; sourceTree = "<group>"; };
		94D946AA27B91A0200E46EB9 /* ColumnFlowLayout.swift */ = {isa = PBXFileReference; lastKnownFileType = sourcecode.swift; path = ColumnFlowLayout.swift; sourceTree = "<group>"; };
		94D946AC27B9243200E46EB9 /* NewListViewController.swift */ = {isa = PBXFileReference; lastKnownFileType = sourcecode.swift; path = NewListViewController.swift; sourceTree = "<group>"; };
		94D946B027B9271300E46EB9 /* Tab.swift */ = {isa = PBXFileReference; lastKnownFileType = sourcecode.swift; path = Tab.swift; sourceTree = "<group>"; };
		94D946B227B92F0E00E46EB9 /* ListCollectionViewCell.swift */ = {isa = PBXFileReference; lastKnownFileType = sourcecode.swift; path = ListCollectionViewCell.swift; sourceTree = "<group>"; };
		94D946B427B9333600E46EB9 /* Priority.swift */ = {isa = PBXFileReference; lastKnownFileType = sourcecode.swift; path = Priority.swift; sourceTree = "<group>"; };
/* End PBXFileReference section */

/* Begin PBXFrameworksBuildPhase section */
		94CB4FE227B8F7350025F46C /* Frameworks */ = {
			isa = PBXFrameworksBuildPhase;
			buildActionMask = 2147483647;
			files = (
			);
			runOnlyForDeploymentPostprocessing = 0;
		};
		94CB4FF827B8F7360025F46C /* Frameworks */ = {
			isa = PBXFrameworksBuildPhase;
			buildActionMask = 2147483647;
			files = (
			);
			runOnlyForDeploymentPostprocessing = 0;
		};
		94CB500227B8F7360025F46C /* Frameworks */ = {
			isa = PBXFrameworksBuildPhase;
			buildActionMask = 2147483647;
			files = (
			);
			runOnlyForDeploymentPostprocessing = 0;
		};
/* End PBXFrameworksBuildPhase section */

/* Begin PBXGroup section */
		94CB4FDC27B8F7350025F46C = {
			isa = PBXGroup;
			children = (
				94CB4FE727B8F7350025F46C /* Tasky */,
				94CB4FFE27B8F7360025F46C /* TaskyTests */,
				94CB500827B8F7360025F46C /* TaskyUITests */,
				94CB4FE627B8F7350025F46C /* Products */,
			);
			sourceTree = "<group>";
		};
		94CB4FE627B8F7350025F46C /* Products */ = {
			isa = PBXGroup;
			children = (
				94CB4FE527B8F7350025F46C /* Tasky.app */,
				94CB4FFB27B8F7360025F46C /* TaskyTests.xctest */,
				94CB500527B8F7360025F46C /* TaskyUITests.xctest */,
			);
			name = Products;
			sourceTree = "<group>";
		};
		94CB4FE727B8F7350025F46C /* Tasky */ = {
			isa = PBXGroup;
			children = (
				94CB4FE827B8F7350025F46C /* AppDelegate.swift */,
				94CB4FEA27B8F7350025F46C /* SceneDelegate.swift */,
				94D9469A27B90EA500E46EB9 /* UI */,
				94D9468B27B9067700E46EB9 /* Models */,
				94D9469527B90D8000E46EB9 /* Services */,
				94D9468C27B9067F00E46EB9 /* Extensions */,
				94CB4FF127B8F7360025F46C /* Assets.xcassets */,
				94CB4FF327B8F7360025F46C /* LaunchScreen.storyboard */,
				94CB4FF627B8F7360025F46C /* Info.plist */,
			);
			path = Tasky;
			sourceTree = "<group>";
		};
		94CB4FFE27B8F7360025F46C /* TaskyTests */ = {
			isa = PBXGroup;
			children = (
				94CB4FFF27B8F7360025F46C /* TaskyTests.swift */,
			);
			path = TaskyTests;
			sourceTree = "<group>";
		};
		94CB500827B8F7360025F46C /* TaskyUITests */ = {
			isa = PBXGroup;
			children = (
				94CB500927B8F7360025F46C /* TaskyUITests.swift */,
				94CB500B27B8F7360025F46C /* TaskyUITestsLaunchTests.swift */,
			);
			path = TaskyUITests;
			sourceTree = "<group>";
		};
		94D7BA3E27B9860600C249EB /* ViewModels */ = {
			isa = PBXGroup;
			children = (
				94D7BA3827B9854400C249EB /* CategoreySection.swift */,
				94D7BA3627B9852200C249EB /* FavoritesSection.swift */,
			);
			path = ViewModels;
			sourceTree = "<group>";
		};
		94D9468B27B9067700E46EB9 /* Models */ = {
			isa = PBXGroup;
			children = (
				94D7BA3A27B9855F00C249EB /* Section.swift */,
				94D7BA3C27B9857E00C249EB /* DataSource.swift */,
				94D9468E27B90AD500E46EB9 /* AppConstants.swift */,
				94D9469B27B9116200E46EB9 /* Setting.swift */,
				94D946B427B9333600E46EB9 /* Priority.swift */,
				94D9468727B9058100E46EB9 /* Task.swift */,
				94D946A827B9187D00E46EB9 /* List.swift */,
			);
			path = Models;
			sourceTree = "<group>";
		};
		94D9468C27B9067F00E46EB9 /* Extensions */ = {
			isa = PBXGroup;
			children = (
				94D9468527B903D200E46EB9 /* UITabBar+Extension.swift */,
			);
			path = Extensions;
			sourceTree = "<group>";
		};
		94D9468D27B9068D00E46EB9 /* Coordinators */ = {
			isa = PBXGroup;
			children = (
				94D9468327B9030C00E46EB9 /* ApplicationCoordinator.swift */,
				94D9468127B902ED00E46EB9 /* Coordinator.swift */,
			);
			path = Coordinators;
			sourceTree = "<group>";
		};
		94D9469027B90AEC00E46EB9 /* Splash */ = {
			isa = PBXGroup;
			children = (
				94D9468927B9067000E46EB9 /* SplashViewController.swift */,
			);
			path = Splash;
			sourceTree = "<group>";
		};
		94D9469527B90D8000E46EB9 /* Services */ = {
			isa = PBXGroup;
			children = (
				94D9469127B90CAB00E46EB9 /* DataStorage.swift */,
				94D9469327B90CC400E46EB9 /* Logger.swift */,
			);
			path = Services;
			sourceTree = "<group>";
		};
		94D9469827B90E8100E46EB9 /* Tasks */ = {
			isa = PBXGroup;
			children = (
				94D9469627B90E7C00E46EB9 /* TasksViewController.swift */,
			);
			path = Tasks;
			sourceTree = "<group>";
		};
		94D9469927B90E8C00E46EB9 /* Controllers */ = {
			isa = PBXGroup;
			children = (
				94D9469827B90E8100E46EB9 /* Tasks */,
				94D9469027B90AEC00E46EB9 /* Splash */,
				94D9469F27B911E200E46EB9 /* Settings */,
				94D946A227B9122500E46EB9 /* Lists */,
				94D946AE27B9243900E46EB9 /* NewList */,
				94D946A527B9130400E46EB9 /* Home */,
				94D946AF27B9244400E46EB9 /* TabBar */,
			);
			path = Controllers;
			sourceTree = "<group>";
		};
		94D9469A27B90EA500E46EB9 /* UI */ = {
			isa = PBXGroup;
			children = (
				94D9468D27B9068D00E46EB9 /* Coordinators */,
				94D9469927B90E8C00E46EB9 /* Controllers */,
				94D7BA3E27B9860600C249EB /* ViewModels */,
				94D7BA3F27B986B300C249EB /* UIHelper.swift */,
			);
			path = UI;
			sourceTree = "<group>";
		};
		94D9469F27B911E200E46EB9 /* Settings */ = {
			isa = PBXGroup;
			children = (
				94D9469D27B911DD00E46EB9 /* SettingsViewController.swift */,
			);
			path = Settings;
			sourceTree = "<group>";
		};
		94D946A227B9122500E46EB9 /* Lists */ = {
			isa = PBXGroup;
			children = (
				94D946A027B9122000E46EB9 /* ListsViewController.swift */,
				94D946AA27B91A0200E46EB9 /* ColumnFlowLayout.swift */,
			);
			path = Lists;
			sourceTree = "<group>";
		};
		94D946A527B9130400E46EB9 /* Home */ = {
			isa = PBXGroup;
			children = (
				94D7BA3427B975DC00C249EB /* HeaderView.swift */,
				94D946B227B92F0E00E46EB9 /* ListCollectionViewCell.swift */,
				94D946A327B9130100E46EB9 /* HomeViewController.swift */,
			);
			path = Home;
			sourceTree = "<group>";
		};
		94D946AE27B9243900E46EB9 /* NewList */ = {
			isa = PBXGroup;
			children = (
				94D946AC27B9243200E46EB9 /* NewListViewController.swift */,
			);
			path = NewList;
			sourceTree = "<group>";
		};
		94D946AF27B9244400E46EB9 /* TabBar */ = {
			isa = PBXGroup;
			children = (
				94D946A627B9134700E46EB9 /* TabBarViewController.swift */,
				94D946B027B9271300E46EB9 /* Tab.swift */,
			);
			path = TabBar;
			sourceTree = "<group>";
		};
/* End PBXGroup section */

/* Begin PBXNativeTarget section */
		94CB4FE427B8F7350025F46C /* Tasky */ = {
			isa = PBXNativeTarget;
			buildConfigurationList = 94CB500F27B8F7360025F46C /* Build configuration list for PBXNativeTarget "Tasky" */;
			buildPhases = (
				94CB4FE127B8F7350025F46C /* Sources */,
				94CB4FE227B8F7350025F46C /* Frameworks */,
				94CB4FE327B8F7350025F46C /* Resources */,
			);
			buildRules = (
			);
			dependencies = (
			);
			name = Tasky;
			productName = Tasky;
			productReference = 94CB4FE527B8F7350025F46C /* Tasky.app */;
			productType = "com.apple.product-type.application";
		};
		94CB4FFA27B8F7360025F46C /* TaskyTests */ = {
			isa = PBXNativeTarget;
			buildConfigurationList = 94CB501227B8F7360025F46C /* Build configuration list for PBXNativeTarget "TaskyTests" */;
			buildPhases = (
				94CB4FF727B8F7360025F46C /* Sources */,
				94CB4FF827B8F7360025F46C /* Frameworks */,
				94CB4FF927B8F7360025F46C /* Resources */,
			);
			buildRules = (
			);
			dependencies = (
				94CB4FFD27B8F7360025F46C /* PBXTargetDependency */,
			);
			name = TaskyTests;
			productName = TaskyTests;
			productReference = 94CB4FFB27B8F7360025F46C /* TaskyTests.xctest */;
			productType = "com.apple.product-type.bundle.unit-test";
		};
		94CB500427B8F7360025F46C /* TaskyUITests */ = {
			isa = PBXNativeTarget;
			buildConfigurationList = 94CB501527B8F7360025F46C /* Build configuration list for PBXNativeTarget "TaskyUITests" */;
			buildPhases = (
				94CB500127B8F7360025F46C /* Sources */,
				94CB500227B8F7360025F46C /* Frameworks */,
				94CB500327B8F7360025F46C /* Resources */,
			);
			buildRules = (
			);
			dependencies = (
				94CB500727B8F7360025F46C /* PBXTargetDependency */,
			);
			name = TaskyUITests;
			productName = TaskyUITests;
			productReference = 94CB500527B8F7360025F46C /* TaskyUITests.xctest */;
			productType = "com.apple.product-type.bundle.ui-testing";
		};
/* End PBXNativeTarget section */

/* Begin PBXProject section */
		94CB4FDD27B8F7350025F46C /* Project object */ = {
			isa = PBXProject;
			attributes = {
				BuildIndependentTargetsInParallel = 1;
				LastSwiftUpdateCheck = 1320;
				LastUpgradeCheck = 1320;
				TargetAttributes = {
					94CB4FE427B8F7350025F46C = {
						CreatedOnToolsVersion = 13.2.1;
					};
					94CB4FFA27B8F7360025F46C = {
						CreatedOnToolsVersion = 13.2.1;
						TestTargetID = 94CB4FE427B8F7350025F46C;
					};
					94CB500427B8F7360025F46C = {
						CreatedOnToolsVersion = 13.2.1;
						TestTargetID = 94CB4FE427B8F7350025F46C;
					};
				};
			};
			buildConfigurationList = 94CB4FE027B8F7350025F46C /* Build configuration list for PBXProject "Tasky" */;
			compatibilityVersion = "Xcode 13.0";
			developmentRegion = en;
			hasScannedForEncodings = 0;
			knownRegions = (
				en,
				Base,
			);
			mainGroup = 94CB4FDC27B8F7350025F46C;
			productRefGroup = 94CB4FE627B8F7350025F46C /* Products */;
			projectDirPath = "";
			projectRoot = "";
			targets = (
				94CB4FE427B8F7350025F46C /* Tasky */,
				94CB4FFA27B8F7360025F46C /* TaskyTests */,
				94CB500427B8F7360025F46C /* TaskyUITests */,
			);
		};
/* End PBXProject section */

/* Begin PBXResourcesBuildPhase section */
		94CB4FE327B8F7350025F46C /* Resources */ = {
			isa = PBXResourcesBuildPhase;
			buildActionMask = 2147483647;
			files = (
				94CB4FF527B8F7360025F46C /* LaunchScreen.storyboard in Resources */,
				94CB4FF227B8F7360025F46C /* Assets.xcassets in Resources */,
			);
			runOnlyForDeploymentPostprocessing = 0;
		};
		94CB4FF927B8F7360025F46C /* Resources */ = {
			isa = PBXResourcesBuildPhase;
			buildActionMask = 2147483647;
			files = (
			);
			runOnlyForDeploymentPostprocessing = 0;
		};
		94CB500327B8F7360025F46C /* Resources */ = {
			isa = PBXResourcesBuildPhase;
			buildActionMask = 2147483647;
			files = (
			);
			runOnlyForDeploymentPostprocessing = 0;
		};
/* End PBXResourcesBuildPhase section */

/* Begin PBXSourcesBuildPhase section */
		94CB4FE127B8F7350025F46C /* Sources */ = {
			isa = PBXSourcesBuildPhase;
			buildActionMask = 2147483647;
			files = (
				94D946A727B9134700E46EB9 /* TabBarViewController.swift in Sources */,
				94D946AB27B91A0200E46EB9 /* ColumnFlowLayout.swift in Sources */,
				94D946A127B9122000E46EB9 /* ListsViewController.swift in Sources */,
				94D7BA3D27B9857E00C249EB /* DataSource.swift in Sources */,
				94D9468427B9030C00E46EB9 /* ApplicationCoordinator.swift in Sources */,
				94D9468627B903D200E46EB9 /* UITabBar+Extension.swift in Sources */,
				94D7BA3927B9854400C249EB /* CategoreySection.swift in Sources */,
				94D946A927B9187D00E46EB9 /* List.swift in Sources */,
				94D7BA3B27B9855F00C249EB /* Section.swift in Sources */,
				94D946B527B9333600E46EB9 /* Priority.swift in Sources */,
				94D946AD27B9243200E46EB9 /* NewListViewController.swift in Sources */,
				94D946B127B9271300E46EB9 /* Tab.swift in Sources */,
				94D7BA3727B9852200C249EB /* FavoritesSection.swift in Sources */,
				94D9469C27B9116200E46EB9 /* Setting.swift in Sources */,
				94D9469727B90E7C00E46EB9 /* TasksViewController.swift in Sources */,
				94D946A427B9130100E46EB9 /* HomeViewController.swift in Sources */,
				94D9468227B902EE00E46EB9 /* Coordinator.swift in Sources */,
				94D9469227B90CAB00E46EB9 /* DataStorage.swift in Sources */,
				94D9468F27B90AD600E46EB9 /* AppConstants.swift in Sources */,
				94D9469427B90CC400E46EB9 /* Logger.swift in Sources */,
				94D946B327B92F0E00E46EB9 /* ListCollectionViewCell.swift in Sources */,
				94CB4FE927B8F7350025F46C /* AppDelegate.swift in Sources */,
				94D9468827B9058200E46EB9 /* Task.swift in Sources */,
				94D9469E27B911DD00E46EB9 /* SettingsViewController.swift in Sources */,
				94CB4FEB27B8F7350025F46C /* SceneDelegate.swift in Sources */,
				94D7BA3527B975DC00C249EB /* HeaderView.swift in Sources */,
				94D9468A27B9067000E46EB9 /* SplashViewController.swift in Sources */,
				94D7BA4027B986B300C249EB /* UIHelper.swift in Sources */,
			);
			runOnlyForDeploymentPostprocessing = 0;
		};
		94CB4FF727B8F7360025F46C /* Sources */ = {
			isa = PBXSourcesBuildPhase;
			buildActionMask = 2147483647;
			files = (
				94CB500027B8F7360025F46C /* TaskyTests.swift in Sources */,
			);
			runOnlyForDeploymentPostprocessing = 0;
		};
		94CB500127B8F7360025F46C /* Sources */ = {
			isa = PBXSourcesBuildPhase;
			buildActionMask = 2147483647;
			files = (
				94CB500A27B8F7360025F46C /* TaskyUITests.swift in Sources */,
				94CB500C27B8F7360025F46C /* TaskyUITestsLaunchTests.swift in Sources */,
			);
			runOnlyForDeploymentPostprocessing = 0;
		};
/* End PBXSourcesBuildPhase section */

/* Begin PBXTargetDependency section */
		94CB4FFD27B8F7360025F46C /* PBXTargetDependency */ = {
			isa = PBXTargetDependency;
			target = 94CB4FE427B8F7350025F46C /* Tasky */;
			targetProxy = 94CB4FFC27B8F7360025F46C /* PBXContainerItemProxy */;
		};
		94CB500727B8F7360025F46C /* PBXTargetDependency */ = {
			isa = PBXTargetDependency;
			target = 94CB4FE427B8F7350025F46C /* Tasky */;
			targetProxy = 94CB500627B8F7360025F46C /* PBXContainerItemProxy */;
		};
/* End PBXTargetDependency section */

/* Begin PBXVariantGroup section */
		94CB4FF327B8F7360025F46C /* LaunchScreen.storyboard */ = {
			isa = PBXVariantGroup;
			children = (
				94CB4FF427B8F7360025F46C /* Base */,
			);
			name = LaunchScreen.storyboard;
			sourceTree = "<group>";
		};
/* End PBXVariantGroup section */

/* Begin XCBuildConfiguration section */
		94CB500D27B8F7360025F46C /* Debug */ = {
			isa = XCBuildConfiguration;
			buildSettings = {
				ALWAYS_SEARCH_USER_PATHS = NO;
				CLANG_ANALYZER_NONNULL = YES;
				CLANG_ANALYZER_NUMBER_OBJECT_CONVERSION = YES_AGGRESSIVE;
				CLANG_CXX_LANGUAGE_STANDARD = "gnu++17";
				CLANG_CXX_LIBRARY = "libc++";
				CLANG_ENABLE_MODULES = YES;
				CLANG_ENABLE_OBJC_ARC = YES;
				CLANG_ENABLE_OBJC_WEAK = YES;
				CLANG_WARN_BLOCK_CAPTURE_AUTORELEASING = YES;
				CLANG_WARN_BOOL_CONVERSION = YES;
				CLANG_WARN_COMMA = YES;
				CLANG_WARN_CONSTANT_CONVERSION = YES;
				CLANG_WARN_DEPRECATED_OBJC_IMPLEMENTATIONS = YES;
				CLANG_WARN_DIRECT_OBJC_ISA_USAGE = YES_ERROR;
				CLANG_WARN_DOCUMENTATION_COMMENTS = YES;
				CLANG_WARN_EMPTY_BODY = YES;
				CLANG_WARN_ENUM_CONVERSION = YES;
				CLANG_WARN_INFINITE_RECURSION = YES;
				CLANG_WARN_INT_CONVERSION = YES;
				CLANG_WARN_NON_LITERAL_NULL_CONVERSION = YES;
				CLANG_WARN_OBJC_IMPLICIT_RETAIN_SELF = YES;
				CLANG_WARN_OBJC_LITERAL_CONVERSION = YES;
				CLANG_WARN_OBJC_ROOT_CLASS = YES_ERROR;
				CLANG_WARN_QUOTED_INCLUDE_IN_FRAMEWORK_HEADER = YES;
				CLANG_WARN_RANGE_LOOP_ANALYSIS = YES;
				CLANG_WARN_STRICT_PROTOTYPES = YES;
				CLANG_WARN_SUSPICIOUS_MOVE = YES;
				CLANG_WARN_UNGUARDED_AVAILABILITY = YES_AGGRESSIVE;
				CLANG_WARN_UNREACHABLE_CODE = YES;
				CLANG_WARN__DUPLICATE_METHOD_MATCH = YES;
				COPY_PHASE_STRIP = NO;
				DEBUG_INFORMATION_FORMAT = dwarf;
				ENABLE_STRICT_OBJC_MSGSEND = YES;
				ENABLE_TESTABILITY = YES;
				GCC_C_LANGUAGE_STANDARD = gnu11;
				GCC_DYNAMIC_NO_PIC = NO;
				GCC_NO_COMMON_BLOCKS = YES;
				GCC_OPTIMIZATION_LEVEL = 0;
				GCC_PREPROCESSOR_DEFINITIONS = (
					"DEBUG=1",
					"$(inherited)",
				);
				GCC_WARN_64_TO_32_BIT_CONVERSION = YES;
				GCC_WARN_ABOUT_RETURN_TYPE = YES_ERROR;
				GCC_WARN_UNDECLARED_SELECTOR = YES;
				GCC_WARN_UNINITIALIZED_AUTOS = YES_AGGRESSIVE;
				GCC_WARN_UNUSED_FUNCTION = YES;
				GCC_WARN_UNUSED_VARIABLE = YES;
				IPHONEOS_DEPLOYMENT_TARGET = 15.2;
				MTL_ENABLE_DEBUG_INFO = INCLUDE_SOURCE;
				MTL_FAST_MATH = YES;
				ONLY_ACTIVE_ARCH = YES;
				SDKROOT = iphoneos;
				SWIFT_ACTIVE_COMPILATION_CONDITIONS = DEBUG;
				SWIFT_OPTIMIZATION_LEVEL = "-Onone";
			};
			name = Debug;
		};
		94CB500E27B8F7360025F46C /* Release */ = {
			isa = XCBuildConfiguration;
			buildSettings = {
				ALWAYS_SEARCH_USER_PATHS = NO;
				CLANG_ANALYZER_NONNULL = YES;
				CLANG_ANALYZER_NUMBER_OBJECT_CONVERSION = YES_AGGRESSIVE;
				CLANG_CXX_LANGUAGE_STANDARD = "gnu++17";
				CLANG_CXX_LIBRARY = "libc++";
				CLANG_ENABLE_MODULES = YES;
				CLANG_ENABLE_OBJC_ARC = YES;
				CLANG_ENABLE_OBJC_WEAK = YES;
				CLANG_WARN_BLOCK_CAPTURE_AUTORELEASING = YES;
				CLANG_WARN_BOOL_CONVERSION = YES;
				CLANG_WARN_COMMA = YES;
				CLANG_WARN_CONSTANT_CONVERSION = YES;
				CLANG_WARN_DEPRECATED_OBJC_IMPLEMENTATIONS = YES;
				CLANG_WARN_DIRECT_OBJC_ISA_USAGE = YES_ERROR;
				CLANG_WARN_DOCUMENTATION_COMMENTS = YES;
				CLANG_WARN_EMPTY_BODY = YES;
				CLANG_WARN_ENUM_CONVERSION = YES;
				CLANG_WARN_INFINITE_RECURSION = YES;
				CLANG_WARN_INT_CONVERSION = YES;
				CLANG_WARN_NON_LITERAL_NULL_CONVERSION = YES;
				CLANG_WARN_OBJC_IMPLICIT_RETAIN_SELF = YES;
				CLANG_WARN_OBJC_LITERAL_CONVERSION = YES;
				CLANG_WARN_OBJC_ROOT_CLASS = YES_ERROR;
				CLANG_WARN_QUOTED_INCLUDE_IN_FRAMEWORK_HEADER = YES;
				CLANG_WARN_RANGE_LOOP_ANALYSIS = YES;
				CLANG_WARN_STRICT_PROTOTYPES = YES;
				CLANG_WARN_SUSPICIOUS_MOVE = YES;
				CLANG_WARN_UNGUARDED_AVAILABILITY = YES_AGGRESSIVE;
				CLANG_WARN_UNREACHABLE_CODE = YES;
				CLANG_WARN__DUPLICATE_METHOD_MATCH = YES;
				COPY_PHASE_STRIP = NO;
				DEBUG_INFORMATION_FORMAT = "dwarf-with-dsym";
				ENABLE_NS_ASSERTIONS = NO;
				ENABLE_STRICT_OBJC_MSGSEND = YES;
				GCC_C_LANGUAGE_STANDARD = gnu11;
				GCC_NO_COMMON_BLOCKS = YES;
				GCC_WARN_64_TO_32_BIT_CONVERSION = YES;
				GCC_WARN_ABOUT_RETURN_TYPE = YES_ERROR;
				GCC_WARN_UNDECLARED_SELECTOR = YES;
				GCC_WARN_UNINITIALIZED_AUTOS = YES_AGGRESSIVE;
				GCC_WARN_UNUSED_FUNCTION = YES;
				GCC_WARN_UNUSED_VARIABLE = YES;
				IPHONEOS_DEPLOYMENT_TARGET = 15.2;
				MTL_ENABLE_DEBUG_INFO = NO;
				MTL_FAST_MATH = YES;
				SDKROOT = iphoneos;
				SWIFT_COMPILATION_MODE = wholemodule;
				SWIFT_OPTIMIZATION_LEVEL = "-O";
				VALIDATE_PRODUCT = YES;
			};
			name = Release;
		};
		94CB501027B8F7360025F46C /* Debug */ = {
			isa = XCBuildConfiguration;
			buildSettings = {
				ASSETCATALOG_COMPILER_APPICON_NAME = AppIcon;
				ASSETCATALOG_COMPILER_GLOBAL_ACCENT_COLOR_NAME = AccentColor;
				CODE_SIGN_STYLE = Automatic;
				CURRENT_PROJECT_VERSION = 1;
				DEVELOPMENT_TEAM = 4SZP4Q326F;
				GENERATE_INFOPLIST_FILE = YES;
				INFOPLIST_FILE = Tasky/Info.plist;
				INFOPLIST_KEY_UIApplicationSupportsIndirectInputEvents = YES;
				INFOPLIST_KEY_UILaunchStoryboardName = LaunchScreen;
				INFOPLIST_KEY_UISupportedInterfaceOrientations_iPad = "UIInterfaceOrientationPortrait UIInterfaceOrientationPortraitUpsideDown UIInterfaceOrientationLandscapeLeft UIInterfaceOrientationLandscapeRight";
				INFOPLIST_KEY_UISupportedInterfaceOrientations_iPhone = "UIInterfaceOrientationPortrait UIInterfaceOrientationLandscapeLeft UIInterfaceOrientationLandscapeRight";
				LD_RUNPATH_SEARCH_PATHS = (
					"$(inherited)",
					"@executable_path/Frameworks",
				);
				MARKETING_VERSION = 1.0;
				PRODUCT_BUNDLE_IDENTIFIER = com.froleeyo.Tasky;
				PRODUCT_NAME = "$(TARGET_NAME)";
				SWIFT_EMIT_LOC_STRINGS = YES;
				SWIFT_VERSION = 5.0;
				TARGETED_DEVICE_FAMILY = "1,2";
			};
			name = Debug;
		};
		94CB501127B8F7360025F46C /* Release */ = {
			isa = XCBuildConfiguration;
			buildSettings = {
				ASSETCATALOG_COMPILER_APPICON_NAME = AppIcon;
				ASSETCATALOG_COMPILER_GLOBAL_ACCENT_COLOR_NAME = AccentColor;
				CODE_SIGN_STYLE = Automatic;
				CURRENT_PROJECT_VERSION = 1;
				DEVELOPMENT_TEAM = 4SZP4Q326F;
				GENERATE_INFOPLIST_FILE = YES;
				INFOPLIST_FILE = Tasky/Info.plist;
				INFOPLIST_KEY_UIApplicationSupportsIndirectInputEvents = YES;
				INFOPLIST_KEY_UILaunchStoryboardName = LaunchScreen;
				INFOPLIST_KEY_UISupportedInterfaceOrientations_iPad = "UIInterfaceOrientationPortrait UIInterfaceOrientationPortraitUpsideDown UIInterfaceOrientationLandscapeLeft UIInterfaceOrientationLandscapeRight";
				INFOPLIST_KEY_UISupportedInterfaceOrientations_iPhone = "UIInterfaceOrientationPortrait UIInterfaceOrientationLandscapeLeft UIInterfaceOrientationLandscapeRight";
				LD_RUNPATH_SEARCH_PATHS = (
					"$(inherited)",
					"@executable_path/Frameworks",
				);
				MARKETING_VERSION = 1.0;
				PRODUCT_BUNDLE_IDENTIFIER = com.froleeyo.Tasky;
				PRODUCT_NAME = "$(TARGET_NAME)";
				SWIFT_EMIT_LOC_STRINGS = YES;
				SWIFT_VERSION = 5.0;
				TARGETED_DEVICE_FAMILY = "1,2";
			};
			name = Release;
		};
		94CB501327B8F7360025F46C /* Debug */ = {
			isa = XCBuildConfiguration;
			buildSettings = {
				ALWAYS_EMBED_SWIFT_STANDARD_LIBRARIES = YES;
				BUNDLE_LOADER = "$(TEST_HOST)";
				CODE_SIGN_STYLE = Automatic;
				CURRENT_PROJECT_VERSION = 1;
				DEVELOPMENT_TEAM = 4SZP4Q326F;
				GENERATE_INFOPLIST_FILE = YES;
				IPHONEOS_DEPLOYMENT_TARGET = 15.2;
				MARKETING_VERSION = 1.0;
				PRODUCT_BUNDLE_IDENTIFIER = com.froleeyo.TaskyTests;
				PRODUCT_NAME = "$(TARGET_NAME)";
				SWIFT_EMIT_LOC_STRINGS = NO;
				SWIFT_VERSION = 5.0;
				TARGETED_DEVICE_FAMILY = "1,2";
				TEST_HOST = "$(BUILT_PRODUCTS_DIR)/Tasky.app/Tasky";
			};
			name = Debug;
		};
		94CB501427B8F7360025F46C /* Release */ = {
			isa = XCBuildConfiguration;
			buildSettings = {
				ALWAYS_EMBED_SWIFT_STANDARD_LIBRARIES = YES;
				BUNDLE_LOADER = "$(TEST_HOST)";
				CODE_SIGN_STYLE = Automatic;
				CURRENT_PROJECT_VERSION = 1;
				DEVELOPMENT_TEAM = 4SZP4Q326F;
				GENERATE_INFOPLIST_FILE = YES;
				IPHONEOS_DEPLOYMENT_TARGET = 15.2;
				MARKETING_VERSION = 1.0;
				PRODUCT_BUNDLE_IDENTIFIER = com.froleeyo.TaskyTests;
				PRODUCT_NAME = "$(TARGET_NAME)";
				SWIFT_EMIT_LOC_STRINGS = NO;
				SWIFT_VERSION = 5.0;
				TARGETED_DEVICE_FAMILY = "1,2";
				TEST_HOST = "$(BUILT_PRODUCTS_DIR)/Tasky.app/Tasky";
			};
			name = Release;
		};
		94CB501627B8F7360025F46C /* Debug */ = {
			isa = XCBuildConfiguration;
			buildSettings = {
				ALWAYS_EMBED_SWIFT_STANDARD_LIBRARIES = YES;
				CODE_SIGN_STYLE = Automatic;
				CURRENT_PROJECT_VERSION = 1;
				DEVELOPMENT_TEAM = 4SZP4Q326F;
				GENERATE_INFOPLIST_FILE = YES;
				MARKETING_VERSION = 1.0;
				PRODUCT_BUNDLE_IDENTIFIER = com.froleeyo.TaskyUITests;
				PRODUCT_NAME = "$(TARGET_NAME)";
				SWIFT_EMIT_LOC_STRINGS = NO;
				SWIFT_VERSION = 5.0;
				TARGETED_DEVICE_FAMILY = "1,2";
				TEST_TARGET_NAME = Tasky;
			};
			name = Debug;
		};
		94CB501727B8F7360025F46C /* Release */ = {
			isa = XCBuildConfiguration;
			buildSettings = {
				ALWAYS_EMBED_SWIFT_STANDARD_LIBRARIES = YES;
				CODE_SIGN_STYLE = Automatic;
				CURRENT_PROJECT_VERSION = 1;
				DEVELOPMENT_TEAM = 4SZP4Q326F;
				GENERATE_INFOPLIST_FILE = YES;
				MARKETING_VERSION = 1.0;
				PRODUCT_BUNDLE_IDENTIFIER = com.froleeyo.TaskyUITests;
				PRODUCT_NAME = "$(TARGET_NAME)";
				SWIFT_EMIT_LOC_STRINGS = NO;
				SWIFT_VERSION = 5.0;
				TARGETED_DEVICE_FAMILY = "1,2";
				TEST_TARGET_NAME = Tasky;
			};
			name = Release;
		};
/* End XCBuildConfiguration section */

/* Begin XCConfigurationList section */
		94CB4FE027B8F7350025F46C /* Build configuration list for PBXProject "Tasky" */ = {
			isa = XCConfigurationList;
			buildConfigurations = (
				94CB500D27B8F7360025F46C /* Debug */,
				94CB500E27B8F7360025F46C /* Release */,
			);
			defaultConfigurationIsVisible = 0;
			defaultConfigurationName = Release;
		};
		94CB500F27B8F7360025F46C /* Build configuration list for PBXNativeTarget "Tasky" */ = {
			isa = XCConfigurationList;
			buildConfigurations = (
				94CB501027B8F7360025F46C /* Debug */,
				94CB501127B8F7360025F46C /* Release */,
			);
			defaultConfigurationIsVisible = 0;
			defaultConfigurationName = Release;
		};
		94CB501227B8F7360025F46C /* Build configuration list for PBXNativeTarget "TaskyTests" */ = {
			isa = XCConfigurationList;
			buildConfigurations = (
				94CB501327B8F7360025F46C /* Debug */,
				94CB501427B8F7360025F46C /* Release */,
			);
			defaultConfigurationIsVisible = 0;
			defaultConfigurationName = Release;
		};
		94CB501527B8F7360025F46C /* Build configuration list for PBXNativeTarget "TaskyUITests" */ = {
			isa = XCConfigurationList;
			buildConfigurations = (
				94CB501627B8F7360025F46C /* Debug */,
				94CB501727B8F7360025F46C /* Release */,
			);
			defaultConfigurationIsVisible = 0;
			defaultConfigurationName = Release;
		};
/* End XCConfigurationList section */
	};
	rootObject = 94CB4FDD27B8F7350025F46C /* Project object */;
}
