// !$*UTF8*$!
{
	archiveVersion = 1;
	classes = {
	};
	objectVersion = 55;
	objects = {

/* Begin PBXBuildFile section */
		943093DA27BEA1E8001C0279 /* SignupView.swift in Sources */ = {isa = PBXBuildFile; fileRef = 943093D927BEA1E8001C0279 /* SignupView.swift */; };
		9454400127BDACF800F30858 /* GoogleService-Info.plist in Resources */ = {isa = PBXBuildFile; fileRef = 9454400027BDACF800F30858 /* GoogleService-Info.plist */; };
		9454401127BDB1D200F30858 /* LoginViewController.swift in Sources */ = {isa = PBXBuildFile; fileRef = 9454401027BDB1D200F30858 /* LoginViewController.swift */; };
		9454401427BDB58200F30858 /* LoadingIndicatorViewController.swift in Sources */ = {isa = PBXBuildFile; fileRef = 9454401327BDB58200F30858 /* LoadingIndicatorViewController.swift */; };
		9454401627BDBC2600F30858 /* LoginViewControllerDelegate.swift in Sources */ = {isa = PBXBuildFile; fileRef = 9454401527BDBC2600F30858 /* LoginViewControllerDelegate.swift */; };
		9454401827BDBC5100F30858 /* UITextField+Extension.swift in Sources */ = {isa = PBXBuildFile; fileRef = 9454401727BDBC5100F30858 /* UITextField+Extension.swift */; };
		9454401A27BDBC8600F30858 /* UIColor + Extension.swift in Sources */ = {isa = PBXBuildFile; fileRef = 9454401927BDBC8500F30858 /* UIColor + Extension.swift */; };
		9454402E27BDC32600F30858 /* FirebaseAuth in Frameworks */ = {isa = PBXBuildFile; productRef = 9454402D27BDC32600F30858 /* FirebaseAuth */; };
		9454403027BDC32600F30858 /* FirebaseAuthCombine-Community in Frameworks */ = {isa = PBXBuildFile; productRef = 9454402F27BDC32600F30858 /* FirebaseAuthCombine-Community */; };
		9454403227BDC32600F30858 /* FirebaseDatabase in Frameworks */ = {isa = PBXBuildFile; productRef = 9454403127BDC32600F30858 /* FirebaseDatabase */; };
		9454403427BDC32600F30858 /* FirebaseFirestore in Frameworks */ = {isa = PBXBuildFile; productRef = 9454403327BDC32600F30858 /* FirebaseFirestore */; };
		9454403627BDC32600F30858 /* FirebaseFirestoreCombine-Community in Frameworks */ = {isa = PBXBuildFile; productRef = 9454403527BDC32600F30858 /* FirebaseFirestoreCombine-Community */; };
		9454403827BDC32600F30858 /* FirebaseFunctionsCombine-Community in Frameworks */ = {isa = PBXBuildFile; productRef = 9454403727BDC32600F30858 /* FirebaseFunctionsCombine-Community */; };
		9454403A27BDC32600F30858 /* FirebaseStorage in Frameworks */ = {isa = PBXBuildFile; productRef = 9454403927BDC32600F30858 /* FirebaseStorage */; };
		9454403C27BDC32600F30858 /* FirebaseStorageCombine-Community in Frameworks */ = {isa = PBXBuildFile; productRef = 9454403B27BDC32600F30858 /* FirebaseStorageCombine-Community */; };
		9454403E27BDC64300F30858 /* UIViewController+Extension.swift in Sources */ = {isa = PBXBuildFile; fileRef = 9454403D27BDC64300F30858 /* UIViewController+Extension.swift */; };
		946A2D5B27BE879600498AA2 /* SignupViewController.swift in Sources */ = {isa = PBXBuildFile; fileRef = 946A2D5A27BE879600498AA2 /* SignupViewController.swift */; };
		946A2D6127BE9F9900498AA2 /* SplashViewDelegate.swift in Sources */ = {isa = PBXBuildFile; fileRef = 946A2D6027BE9F9800498AA2 /* SplashViewDelegate.swift */; };
		946A2D6327BE9FB300498AA2 /* SplashView.swift in Sources */ = {isa = PBXBuildFile; fileRef = 946A2D6227BE9FB300498AA2 /* SplashView.swift */; };
		946A2D6527BEA01200498AA2 /* SplashViewConrollerDelegate.swift in Sources */ = {isa = PBXBuildFile; fileRef = 946A2D6427BEA01200498AA2 /* SplashViewConrollerDelegate.swift */; };
		94B4CE2E27BEB467005D3C01 /* WelcomeViewController.swift in Sources */ = {isa = PBXBuildFile; fileRef = 94B4CE2D27BEB467005D3C01 /* WelcomeViewController.swift */; };
		94B4CE3127BEC74F005D3C01 /* Tag.swift in Sources */ = {isa = PBXBuildFile; fileRef = 94B4CE3027BEC74F005D3C01 /* Tag.swift */; };
		94B4CE3327BED69B005D3C01 /* KeychainHelper.swift in Sources */ = {isa = PBXBuildFile; fileRef = 94B4CE3227BED69A005D3C01 /* KeychainHelper.swift */; };
		94B4CE3527BED6D4005D3C01 /* H2TextView.swift in Sources */ = {isa = PBXBuildFile; fileRef = 94B4CE3427BED6D4005D3C01 /* H2TextView.swift */; };
		94B4CE3727BED6F6005D3C01 /* SubheaderTextView.swift in Sources */ = {isa = PBXBuildFile; fileRef = 94B4CE3627BED6F6005D3C01 /* SubheaderTextView.swift */; };
		94B4CE3A27BED790005D3C01 /* WelcomeView.swift in Sources */ = {isa = PBXBuildFile; fileRef = 94B4CE3927BED790005D3C01 /* WelcomeView.swift */; };
		94B4CE3C27BED7AC005D3C01 /* WelcomeViewDelegate.swift in Sources */ = {isa = PBXBuildFile; fileRef = 94B4CE3B27BED7AC005D3C01 /* WelcomeViewDelegate.swift */; };
		94B4CE3E27BED7C0005D3C01 /* WelcomeViewControllerDelegate.swift in Sources */ = {isa = PBXBuildFile; fileRef = 94B4CE3D27BED7C0005D3C01 /* WelcomeViewControllerDelegate.swift */; };
		94B4CE4027BED7E8005D3C01 /* SignUpViewControllerDelegate.swift in Sources */ = {isa = PBXBuildFile; fileRef = 94B4CE3F27BED7E8005D3C01 /* SignUpViewControllerDelegate.swift */; };
		94B4CE4227BED7FE005D3C01 /* SignupViewDelegate.swift in Sources */ = {isa = PBXBuildFile; fileRef = 94B4CE4127BED7FE005D3C01 /* SignupViewDelegate.swift */; };
		94B5460927BF01CF00499D35 /* Montserrat-Italic-VariableFont_wght.ttf in Resources */ = {isa = PBXBuildFile; fileRef = 94B5460627BF012300499D35 /* Montserrat-Italic-VariableFont_wght.ttf */; };
		94B5460A27BF01D200499D35 /* Montserrat-VariableFont_wght.ttf in Resources */ = {isa = PBXBuildFile; fileRef = 94B5460727BF012300499D35 /* Montserrat-VariableFont_wght.ttf */; };
		94B5461E27BF022000499D35 /* Poppins-Black.ttf in Resources */ = {isa = PBXBuildFile; fileRef = 94B5461227BF021D00499D35 /* Poppins-Black.ttf */; };
		94B5461F27BF022300499D35 /* Poppins-BlackItalic.ttf in Resources */ = {isa = PBXBuildFile; fileRef = 94B5461327BF021D00499D35 /* Poppins-BlackItalic.ttf */; };
		94B5462027BF022500499D35 /* Poppins-Bold.ttf in Resources */ = {isa = PBXBuildFile; fileRef = 94B5460F27BF021D00499D35 /* Poppins-Bold.ttf */; };
		94B5462127BF022800499D35 /* Poppins-BoldItalic.ttf in Resources */ = {isa = PBXBuildFile; fileRef = 94B5461527BF021D00499D35 /* Poppins-BoldItalic.ttf */; };
		94B5462227BF022B00499D35 /* Poppins-ExtraBold.ttf in Resources */ = {isa = PBXBuildFile; fileRef = 94B5461C27BF021E00499D35 /* Poppins-ExtraBold.ttf */; };
		94B5462327BF022D00499D35 /* Poppins-ExtraBoldItalic.ttf in Resources */ = {isa = PBXBuildFile; fileRef = 94B5460D27BF021D00499D35 /* Poppins-ExtraBoldItalic.ttf */; };
		94B5462427BF023000499D35 /* Poppins-ExtraLight.ttf in Resources */ = {isa = PBXBuildFile; fileRef = 94B5461127BF021D00499D35 /* Poppins-ExtraLight.ttf */; };
		94B5462527BF023200499D35 /* Poppins-ExtraLightItalic.ttf in Resources */ = {isa = PBXBuildFile; fileRef = 94B5461A27BF021E00499D35 /* Poppins-ExtraLightItalic.ttf */; };
		94B5462627BF023400499D35 /* Poppins-Italic.ttf in Resources */ = {isa = PBXBuildFile; fileRef = 94B5461427BF021D00499D35 /* Poppins-Italic.ttf */; };
		94B5462727BF023700499D35 /* Poppins-Light.ttf in Resources */ = {isa = PBXBuildFile; fileRef = 94B5460E27BF021D00499D35 /* Poppins-Light.ttf */; };
		94B5462827BF023A00499D35 /* Poppins-Medium.ttf in Resources */ = {isa = PBXBuildFile; fileRef = 94B5461827BF021E00499D35 /* Poppins-Medium.ttf */; };
		94B5462927BF023D00499D35 /* Poppins-LightItalic.ttf in Resources */ = {isa = PBXBuildFile; fileRef = 94B5461027BF021D00499D35 /* Poppins-LightItalic.ttf */; };
		94B5462A27BF023F00499D35 /* Poppins-MediumItalic.ttf in Resources */ = {isa = PBXBuildFile; fileRef = 94B5461727BF021D00499D35 /* Poppins-MediumItalic.ttf */; };
		94B5462B27BF024200499D35 /* Poppins-Regular.ttf in Resources */ = {isa = PBXBuildFile; fileRef = 94B5461D27BF021E00499D35 /* Poppins-Regular.ttf */; };
		94B5462C27BF024500499D35 /* Poppins-SemiBold.ttf in Resources */ = {isa = PBXBuildFile; fileRef = 94B5460C27BF021D00499D35 /* Poppins-SemiBold.ttf */; };
		94B5462D27BF024900499D35 /* Poppins-SemiBoldItalic.ttf in Resources */ = {isa = PBXBuildFile; fileRef = 94B5461627BF021D00499D35 /* Poppins-SemiBoldItalic.ttf */; };
		94B5462E27BF024B00499D35 /* Poppins-Thin.ttf in Resources */ = {isa = PBXBuildFile; fileRef = 94B5461B27BF021E00499D35 /* Poppins-Thin.ttf */; };
		94B5462F27BF024E00499D35 /* Poppins-ThinItalic.ttf in Resources */ = {isa = PBXBuildFile; fileRef = 94B5461927BF021E00499D35 /* Poppins-ThinItalic.ttf */; };
		94CB4FE927B8F7350025F46C /* AppDelegate.swift in Sources */ = {isa = PBXBuildFile; fileRef = 94CB4FE827B8F7350025F46C /* AppDelegate.swift */; };
		94CB4FEB27B8F7350025F46C /* SceneDelegate.swift in Sources */ = {isa = PBXBuildFile; fileRef = 94CB4FEA27B8F7350025F46C /* SceneDelegate.swift */; };
		94CB4FF227B8F7360025F46C /* Assets.xcassets in Resources */ = {isa = PBXBuildFile; fileRef = 94CB4FF127B8F7360025F46C /* Assets.xcassets */; };
		94CB4FF527B8F7360025F46C /* LaunchScreen.storyboard in Resources */ = {isa = PBXBuildFile; fileRef = 94CB4FF327B8F7360025F46C /* LaunchScreen.storyboard */; };
		94CB500027B8F7360025F46C /* TaskyTests.swift in Sources */ = {isa = PBXBuildFile; fileRef = 94CB4FFF27B8F7360025F46C /* TaskyTests.swift */; };
		94CB500A27B8F7360025F46C /* TaskyUITests.swift in Sources */ = {isa = PBXBuildFile; fileRef = 94CB500927B8F7360025F46C /* TaskyUITests.swift */; };
		94CB500C27B8F7360025F46C /* TaskyUITestsLaunchTests.swift in Sources */ = {isa = PBXBuildFile; fileRef = 94CB500B27B8F7360025F46C /* TaskyUITestsLaunchTests.swift */; };
		94CF568627BDD83C00500E7A /* Toast.swift in Sources */ = {isa = PBXBuildFile; fileRef = 94CF568527BDD83C00500E7A /* Toast.swift */; };
		94CF568827BDD85600500E7A /* LoginViewDelegate.swift in Sources */ = {isa = PBXBuildFile; fileRef = 94CF568727BDD85600500E7A /* LoginViewDelegate.swift */; };
		94CF568A27BDD86B00500E7A /* HeaderTextView.swift in Sources */ = {isa = PBXBuildFile; fileRef = 94CF568927BDD86B00500E7A /* HeaderTextView.swift */; };
		94CF568C27BDD88500500E7A /* LoginButtonContent.swift in Sources */ = {isa = PBXBuildFile; fileRef = 94CF568B27BDD88500500E7A /* LoginButtonContent.swift */; };
		94CF568E27BDD89E00500E7A /* AuthenticationService.swift in Sources */ = {isa = PBXBuildFile; fileRef = 94CF568D27BDD89E00500E7A /* AuthenticationService.swift */; };
		94CF569027BDD8DE00500E7A /* LoginView.swift in Sources */ = {isa = PBXBuildFile; fileRef = 94CF568F27BDD8DE00500E7A /* LoginView.swift */; };
		94CF569427BDF4DB00500E7A /* FloatingButton.swift in Sources */ = {isa = PBXBuildFile; fileRef = 94CF569327BDF4DB00500E7A /* FloatingButton.swift */; };
		94D7BA3527B975DC00C249EB /* HeaderView.swift in Sources */ = {isa = PBXBuildFile; fileRef = 94D7BA3427B975DC00C249EB /* HeaderView.swift */; };
		94D7BA3727B9852200C249EB /* TagsSection.swift in Sources */ = {isa = PBXBuildFile; fileRef = 94D7BA3627B9852200C249EB /* TagsSection.swift */; };
		94D7BA3927B9854400C249EB /* CategorySection.swift in Sources */ = {isa = PBXBuildFile; fileRef = 94D7BA3827B9854400C249EB /* CategorySection.swift */; };
		94D7BA3B27B9855F00C249EB /* Section.swift in Sources */ = {isa = PBXBuildFile; fileRef = 94D7BA3A27B9855F00C249EB /* Section.swift */; };
		94D7BA3D27B9857E00C249EB /* DataSource.swift in Sources */ = {isa = PBXBuildFile; fileRef = 94D7BA3C27B9857E00C249EB /* DataSource.swift */; };
		94D7BA4027B986B300C249EB /* UIHelper.swift in Sources */ = {isa = PBXBuildFile; fileRef = 94D7BA3F27B986B300C249EB /* UIHelper.swift */; };
		94D9468227B902EE00E46EB9 /* Coordinator.swift in Sources */ = {isa = PBXBuildFile; fileRef = 94D9468127B902ED00E46EB9 /* Coordinator.swift */; };
		94D9468427B9030C00E46EB9 /* ApplicationCoordinator.swift in Sources */ = {isa = PBXBuildFile; fileRef = 94D9468327B9030C00E46EB9 /* ApplicationCoordinator.swift */; };
		94D9468627B903D200E46EB9 /* UITabBar+Extension.swift in Sources */ = {isa = PBXBuildFile; fileRef = 94D9468527B903D200E46EB9 /* UITabBar+Extension.swift */; };
		94D9468827B9058200E46EB9 /* Task.swift in Sources */ = {isa = PBXBuildFile; fileRef = 94D9468727B9058100E46EB9 /* Task.swift */; };
		94D9468A27B9067000E46EB9 /* SplashViewController.swift in Sources */ = {isa = PBXBuildFile; fileRef = 94D9468927B9067000E46EB9 /* SplashViewController.swift */; };
		94D9468F27B90AD600E46EB9 /* AppConstants.swift in Sources */ = {isa = PBXBuildFile; fileRef = 94D9468E27B90AD500E46EB9 /* AppConstants.swift */; };
		94D9469227B90CAB00E46EB9 /* DataStorage.swift in Sources */ = {isa = PBXBuildFile; fileRef = 94D9469127B90CAB00E46EB9 /* DataStorage.swift */; };
		94D9469427B90CC400E46EB9 /* Logger.swift in Sources */ = {isa = PBXBuildFile; fileRef = 94D9469327B90CC400E46EB9 /* Logger.swift */; };
		94D9469727B90E7C00E46EB9 /* TasksViewController.swift in Sources */ = {isa = PBXBuildFile; fileRef = 94D9469627B90E7C00E46EB9 /* TasksViewController.swift */; };
		94D9469C27B9116200E46EB9 /* Setting.swift in Sources */ = {isa = PBXBuildFile; fileRef = 94D9469B27B9116200E46EB9 /* Setting.swift */; };
		94D9469E27B911DD00E46EB9 /* SettingsViewController.swift in Sources */ = {isa = PBXBuildFile; fileRef = 94D9469D27B911DD00E46EB9 /* SettingsViewController.swift */; };
		94D946A127B9122000E46EB9 /* ListsViewController.swift in Sources */ = {isa = PBXBuildFile; fileRef = 94D946A027B9122000E46EB9 /* ListsViewController.swift */; };
		94D946A427B9130100E46EB9 /* HomeViewController.swift in Sources */ = {isa = PBXBuildFile; fileRef = 94D946A327B9130100E46EB9 /* HomeViewController.swift */; };
		94D946A727B9134700E46EB9 /* TabBarViewController.swift in Sources */ = {isa = PBXBuildFile; fileRef = 94D946A627B9134700E46EB9 /* TabBarViewController.swift */; };
		94D946A927B9187D00E46EB9 /* List.swift in Sources */ = {isa = PBXBuildFile; fileRef = 94D946A827B9187D00E46EB9 /* List.swift */; };
		94D946AB27B91A0200E46EB9 /* ColumnFlowLayout.swift in Sources */ = {isa = PBXBuildFile; fileRef = 94D946AA27B91A0200E46EB9 /* ColumnFlowLayout.swift */; };
		94D946AD27B9243200E46EB9 /* NewListViewController.swift in Sources */ = {isa = PBXBuildFile; fileRef = 94D946AC27B9243200E46EB9 /* NewListViewController.swift */; };
		94D946B127B9271300E46EB9 /* Tab.swift in Sources */ = {isa = PBXBuildFile; fileRef = 94D946B027B9271300E46EB9 /* Tab.swift */; };
		94D946B327B92F0E00E46EB9 /* ListCollectionViewCell.swift in Sources */ = {isa = PBXBuildFile; fileRef = 94D946B227B92F0E00E46EB9 /* ListCollectionViewCell.swift */; };
		94D946B527B9333600E46EB9 /* Priority.swift in Sources */ = {isa = PBXBuildFile; fileRef = 94D946B427B9333600E46EB9 /* Priority.swift */; };
/* End PBXBuildFile section */

/* Begin PBXContainerItemProxy section */
		94CB4FFC27B8F7360025F46C /* PBXContainerItemProxy */ = {
			isa = PBXContainerItemProxy;
			containerPortal = 94CB4FDD27B8F7350025F46C /* Project object */;
			proxyType = 1;
			remoteGlobalIDString = 94CB4FE427B8F7350025F46C;
			remoteInfo = Tasky;
		};
		94CB500627B8F7360025F46C /* PBXContainerItemProxy */ = {
			isa = PBXContainerItemProxy;
			containerPortal = 94CB4FDD27B8F7350025F46C /* Project object */;
			proxyType = 1;
			remoteGlobalIDString = 94CB4FE427B8F7350025F46C;
			remoteInfo = Tasky;
		};
/* End PBXContainerItemProxy section */

/* Begin PBXFileReference section */
		943093D927BEA1E8001C0279 /* SignupView.swift */ = {isa = PBXFileReference; lastKnownFileType = sourcecode.swift; path = SignupView.swift; sourceTree = "<group>"; };
		9454400027BDACF800F30858 /* GoogleService-Info.plist */ = {isa = PBXFileReference; fileEncoding = 4; lastKnownFileType = text.plist.xml; path = "GoogleService-Info.plist"; sourceTree = "<group>"; };
		9454401027BDB1D200F30858 /* LoginViewController.swift */ = {isa = PBXFileReference; lastKnownFileType = sourcecode.swift; path = LoginViewController.swift; sourceTree = "<group>"; };
		9454401327BDB58200F30858 /* LoadingIndicatorViewController.swift */ = {isa = PBXFileReference; lastKnownFileType = sourcecode.swift; path = LoadingIndicatorViewController.swift; sourceTree = "<group>"; };
		9454401527BDBC2600F30858 /* LoginViewControllerDelegate.swift */ = {isa = PBXFileReference; lastKnownFileType = sourcecode.swift; path = LoginViewControllerDelegate.swift; sourceTree = "<group>"; };
		9454401727BDBC5100F30858 /* UITextField+Extension.swift */ = {isa = PBXFileReference; lastKnownFileType = sourcecode.swift; path = "UITextField+Extension.swift"; sourceTree = "<group>"; };
		9454401927BDBC8500F30858 /* UIColor + Extension.swift */ = {isa = PBXFileReference; lastKnownFileType = sourcecode.swift; path = "UIColor + Extension.swift"; sourceTree = "<group>"; };
		9454403D27BDC64300F30858 /* UIViewController+Extension.swift */ = {isa = PBXFileReference; lastKnownFileType = sourcecode.swift; path = "UIViewController+Extension.swift"; sourceTree = "<group>"; };
		946A2D5A27BE879600498AA2 /* SignupViewController.swift */ = {isa = PBXFileReference; lastKnownFileType = sourcecode.swift; path = SignupViewController.swift; sourceTree = "<group>"; };
		946A2D6027BE9F9800498AA2 /* SplashViewDelegate.swift */ = {isa = PBXFileReference; lastKnownFileType = sourcecode.swift; path = SplashViewDelegate.swift; sourceTree = "<group>"; };
		946A2D6227BE9FB300498AA2 /* SplashView.swift */ = {isa = PBXFileReference; lastKnownFileType = sourcecode.swift; path = SplashView.swift; sourceTree = "<group>"; };
		946A2D6427BEA01200498AA2 /* SplashViewConrollerDelegate.swift */ = {isa = PBXFileReference; lastKnownFileType = sourcecode.swift; path = SplashViewConrollerDelegate.swift; sourceTree = "<group>"; };
		94B4CE2D27BEB467005D3C01 /* WelcomeViewController.swift */ = {isa = PBXFileReference; lastKnownFileType = sourcecode.swift; path = WelcomeViewController.swift; sourceTree = "<group>"; };
		94B4CE3027BEC74F005D3C01 /* Tag.swift */ = {isa = PBXFileReference; lastKnownFileType = sourcecode.swift; path = Tag.swift; sourceTree = "<group>"; };
		94B4CE3227BED69A005D3C01 /* KeychainHelper.swift */ = {isa = PBXFileReference; lastKnownFileType = sourcecode.swift; path = KeychainHelper.swift; sourceTree = "<group>"; };
		94B4CE3427BED6D4005D3C01 /* H2TextView.swift */ = {isa = PBXFileReference; lastKnownFileType = sourcecode.swift; path = H2TextView.swift; sourceTree = "<group>"; };
		94B4CE3627BED6F6005D3C01 /* SubheaderTextView.swift */ = {isa = PBXFileReference; lastKnownFileType = sourcecode.swift; path = SubheaderTextView.swift; sourceTree = "<group>"; };
		94B4CE3927BED790005D3C01 /* WelcomeView.swift */ = {isa = PBXFileReference; lastKnownFileType = sourcecode.swift; path = WelcomeView.swift; sourceTree = "<group>"; };
		94B4CE3B27BED7AC005D3C01 /* WelcomeViewDelegate.swift */ = {isa = PBXFileReference; lastKnownFileType = sourcecode.swift; path = WelcomeViewDelegate.swift; sourceTree = "<group>"; };
		94B4CE3D27BED7C0005D3C01 /* WelcomeViewControllerDelegate.swift */ = {isa = PBXFileReference; lastKnownFileType = sourcecode.swift; path = WelcomeViewControllerDelegate.swift; sourceTree = "<group>"; };
		94B4CE3F27BED7E8005D3C01 /* SignUpViewControllerDelegate.swift */ = {isa = PBXFileReference; lastKnownFileType = sourcecode.swift; path = SignUpViewControllerDelegate.swift; sourceTree = "<group>"; };
		94B4CE4127BED7FE005D3C01 /* SignupViewDelegate.swift */ = {isa = PBXFileReference; lastKnownFileType = sourcecode.swift; path = SignupViewDelegate.swift; sourceTree = "<group>"; };
		94B5460627BF012300499D35 /* Montserrat-Italic-VariableFont_wght.ttf */ = {isa = PBXFileReference; lastKnownFileType = file; path = "Montserrat-Italic-VariableFont_wght.ttf"; sourceTree = "<group>"; };
		94B5460727BF012300499D35 /* Montserrat-VariableFont_wght.ttf */ = {isa = PBXFileReference; lastKnownFileType = file; path = "Montserrat-VariableFont_wght.ttf"; sourceTree = "<group>"; };
		94B5460C27BF021D00499D35 /* Poppins-SemiBold.ttf */ = {isa = PBXFileReference; lastKnownFileType = file; path = "Poppins-SemiBold.ttf"; sourceTree = "<group>"; };
		94B5460D27BF021D00499D35 /* Poppins-ExtraBoldItalic.ttf */ = {isa = PBXFileReference; lastKnownFileType = file; path = "Poppins-ExtraBoldItalic.ttf"; sourceTree = "<group>"; };
		94B5460E27BF021D00499D35 /* Poppins-Light.ttf */ = {isa = PBXFileReference; lastKnownFileType = file; path = "Poppins-Light.ttf"; sourceTree = "<group>"; };
		94B5460F27BF021D00499D35 /* Poppins-Bold.ttf */ = {isa = PBXFileReference; lastKnownFileType = file; path = "Poppins-Bold.ttf"; sourceTree = "<group>"; };
		94B5461027BF021D00499D35 /* Poppins-LightItalic.ttf */ = {isa = PBXFileReference; lastKnownFileType = file; path = "Poppins-LightItalic.ttf"; sourceTree = "<group>"; };
		94B5461127BF021D00499D35 /* Poppins-ExtraLight.ttf */ = {isa = PBXFileReference; lastKnownFileType = file; path = "Poppins-ExtraLight.ttf"; sourceTree = "<group>"; };
		94B5461227BF021D00499D35 /* Poppins-Black.ttf */ = {isa = PBXFileReference; lastKnownFileType = file; path = "Poppins-Black.ttf"; sourceTree = "<group>"; };
		94B5461327BF021D00499D35 /* Poppins-BlackItalic.ttf */ = {isa = PBXFileReference; lastKnownFileType = file; path = "Poppins-BlackItalic.ttf"; sourceTree = "<group>"; };
		94B5461427BF021D00499D35 /* Poppins-Italic.ttf */ = {isa = PBXFileReference; lastKnownFileType = file; path = "Poppins-Italic.ttf"; sourceTree = "<group>"; };
		94B5461527BF021D00499D35 /* Poppins-BoldItalic.ttf */ = {isa = PBXFileReference; lastKnownFileType = file; path = "Poppins-BoldItalic.ttf"; sourceTree = "<group>"; };
		94B5461627BF021D00499D35 /* Poppins-SemiBoldItalic.ttf */ = {isa = PBXFileReference; lastKnownFileType = file; path = "Poppins-SemiBoldItalic.ttf"; sourceTree = "<group>"; };
		94B5461727BF021D00499D35 /* Poppins-MediumItalic.ttf */ = {isa = PBXFileReference; lastKnownFileType = file; path = "Poppins-MediumItalic.ttf"; sourceTree = "<group>"; };
		94B5461827BF021E00499D35 /* Poppins-Medium.ttf */ = {isa = PBXFileReference; lastKnownFileType = file; path = "Poppins-Medium.ttf"; sourceTree = "<group>"; };
		94B5461927BF021E00499D35 /* Poppins-ThinItalic.ttf */ = {isa = PBXFileReference; lastKnownFileType = file; path = "Poppins-ThinItalic.ttf"; sourceTree = "<group>"; };
		94B5461A27BF021E00499D35 /* Poppins-ExtraLightItalic.ttf */ = {isa = PBXFileReference; lastKnownFileType = file; path = "Poppins-ExtraLightItalic.ttf"; sourceTree = "<group>"; };
		94B5461B27BF021E00499D35 /* Poppins-Thin.ttf */ = {isa = PBXFileReference; lastKnownFileType = file; path = "Poppins-Thin.ttf"; sourceTree = "<group>"; };
		94B5461C27BF021E00499D35 /* Poppins-ExtraBold.ttf */ = {isa = PBXFileReference; lastKnownFileType = file; path = "Poppins-ExtraBold.ttf"; sourceTree = "<group>"; };
		94B5461D27BF021E00499D35 /* Poppins-Regular.ttf */ = {isa = PBXFileReference; lastKnownFileType = file; path = "Poppins-Regular.ttf"; sourceTree = "<group>"; };
		94CB4FE527B8F7350025F46C /* Tasky.app */ = {isa = PBXFileReference; explicitFileType = wrapper.application; includeInIndex = 0; path = Tasky.app; sourceTree = BUILT_PRODUCTS_DIR; };
		94CB4FE827B8F7350025F46C /* AppDelegate.swift */ = {isa = PBXFileReference; lastKnownFileType = sourcecode.swift; path = AppDelegate.swift; sourceTree = "<group>"; };
		94CB4FEA27B8F7350025F46C /* SceneDelegate.swift */ = {isa = PBXFileReference; lastKnownFileType = sourcecode.swift; path = SceneDelegate.swift; sourceTree = "<group>"; };
		94CB4FF127B8F7360025F46C /* Assets.xcassets */ = {isa = PBXFileReference; lastKnownFileType = folder.assetcatalog; path = Assets.xcassets; sourceTree = "<group>"; };
		94CB4FF427B8F7360025F46C /* Base */ = {isa = PBXFileReference; lastKnownFileType = file.storyboard; name = Base; path = Base.lproj/LaunchScreen.storyboard; sourceTree = "<group>"; };
		94CB4FF627B8F7360025F46C /* Info.plist */ = {isa = PBXFileReference; lastKnownFileType = text.plist.xml; path = Info.plist; sourceTree = "<group>"; };
		94CB4FFB27B8F7360025F46C /* TaskyTests.xctest */ = {isa = PBXFileReference; explicitFileType = wrapper.cfbundle; includeInIndex = 0; path = TaskyTests.xctest; sourceTree = BUILT_PRODUCTS_DIR; };
		94CB4FFF27B8F7360025F46C /* TaskyTests.swift */ = {isa = PBXFileReference; lastKnownFileType = sourcecode.swift; path = TaskyTests.swift; sourceTree = "<group>"; };
		94CB500527B8F7360025F46C /* TaskyUITests.xctest */ = {isa = PBXFileReference; explicitFileType = wrapper.cfbundle; includeInIndex = 0; path = TaskyUITests.xctest; sourceTree = BUILT_PRODUCTS_DIR; };
		94CB500927B8F7360025F46C /* TaskyUITests.swift */ = {isa = PBXFileReference; lastKnownFileType = sourcecode.swift; path = TaskyUITests.swift; sourceTree = "<group>"; };
		94CB500B27B8F7360025F46C /* TaskyUITestsLaunchTests.swift */ = {isa = PBXFileReference; lastKnownFileType = sourcecode.swift; path = TaskyUITestsLaunchTests.swift; sourceTree = "<group>"; };
		94CF568527BDD83C00500E7A /* Toast.swift */ = {isa = PBXFileReference; lastKnownFileType = sourcecode.swift; path = Toast.swift; sourceTree = "<group>"; };
		94CF568727BDD85600500E7A /* LoginViewDelegate.swift */ = {isa = PBXFileReference; lastKnownFileType = sourcecode.swift; path = LoginViewDelegate.swift; sourceTree = "<group>"; };
		94CF568927BDD86B00500E7A /* HeaderTextView.swift */ = {isa = PBXFileReference; lastKnownFileType = sourcecode.swift; path = HeaderTextView.swift; sourceTree = "<group>"; };
		94CF568B27BDD88500500E7A /* LoginButtonContent.swift */ = {isa = PBXFileReference; lastKnownFileType = sourcecode.swift; path = LoginButtonContent.swift; sourceTree = "<group>"; };
		94CF568D27BDD89E00500E7A /* AuthenticationService.swift */ = {isa = PBXFileReference; lastKnownFileType = sourcecode.swift; path = AuthenticationService.swift; sourceTree = "<group>"; };
		94CF568F27BDD8DE00500E7A /* LoginView.swift */ = {isa = PBXFileReference; lastKnownFileType = sourcecode.swift; path = LoginView.swift; sourceTree = "<group>"; };
		94CF569327BDF4DB00500E7A /* FloatingButton.swift */ = {isa = PBXFileReference; lastKnownFileType = sourcecode.swift; path = FloatingButton.swift; sourceTree = "<group>"; };
		94D7BA3427B975DC00C249EB /* HeaderView.swift */ = {isa = PBXFileReference; lastKnownFileType = sourcecode.swift; path = HeaderView.swift; sourceTree = "<group>"; };
		94D7BA3627B9852200C249EB /* TagsSection.swift */ = {isa = PBXFileReference; lastKnownFileType = sourcecode.swift; path = TagsSection.swift; sourceTree = "<group>"; };
		94D7BA3827B9854400C249EB /* CategorySection.swift */ = {isa = PBXFileReference; lastKnownFileType = sourcecode.swift; path = CategorySection.swift; sourceTree = "<group>"; };
		94D7BA3A27B9855F00C249EB /* Section.swift */ = {isa = PBXFileReference; lastKnownFileType = sourcecode.swift; path = Section.swift; sourceTree = "<group>"; };
		94D7BA3C27B9857E00C249EB /* DataSource.swift */ = {isa = PBXFileReference; lastKnownFileType = sourcecode.swift; path = DataSource.swift; sourceTree = "<group>"; };
		94D7BA3F27B986B300C249EB /* UIHelper.swift */ = {isa = PBXFileReference; lastKnownFileType = sourcecode.swift; path = UIHelper.swift; sourceTree = "<group>"; };
		94D9468127B902ED00E46EB9 /* Coordinator.swift */ = {isa = PBXFileReference; lastKnownFileType = sourcecode.swift; path = Coordinator.swift; sourceTree = "<group>"; };
		94D9468327B9030C00E46EB9 /* ApplicationCoordinator.swift */ = {isa = PBXFileReference; lastKnownFileType = sourcecode.swift; path = ApplicationCoordinator.swift; sourceTree = "<group>"; };
		94D9468527B903D200E46EB9 /* UITabBar+Extension.swift */ = {isa = PBXFileReference; lastKnownFileType = sourcecode.swift; path = "UITabBar+Extension.swift"; sourceTree = "<group>"; };
		94D9468727B9058100E46EB9 /* Task.swift */ = {isa = PBXFileReference; lastKnownFileType = sourcecode.swift; path = Task.swift; sourceTree = "<group>"; };
		94D9468927B9067000E46EB9 /* SplashViewController.swift */ = {isa = PBXFileReference; lastKnownFileType = sourcecode.swift; path = SplashViewController.swift; sourceTree = "<group>"; };
		94D9468E27B90AD500E46EB9 /* AppConstants.swift */ = {isa = PBXFileReference; lastKnownFileType = sourcecode.swift; path = AppConstants.swift; sourceTree = "<group>"; };
		94D9469127B90CAB00E46EB9 /* DataStorage.swift */ = {isa = PBXFileReference; lastKnownFileType = sourcecode.swift; path = DataStorage.swift; sourceTree = "<group>"; };
		94D9469327B90CC400E46EB9 /* Logger.swift */ = {isa = PBXFileReference; lastKnownFileType = sourcecode.swift; path = Logger.swift; sourceTree = "<group>"; };
		94D9469627B90E7C00E46EB9 /* TasksViewController.swift */ = {isa = PBXFileReference; lastKnownFileType = sourcecode.swift; path = TasksViewController.swift; sourceTree = "<group>"; };
		94D9469B27B9116200E46EB9 /* Setting.swift */ = {isa = PBXFileReference; lastKnownFileType = sourcecode.swift; path = Setting.swift; sourceTree = "<group>"; };
		94D9469D27B911DD00E46EB9 /* SettingsViewController.swift */ = {isa = PBXFileReference; lastKnownFileType = sourcecode.swift; path = SettingsViewController.swift; sourceTree = "<group>"; };
		94D946A027B9122000E46EB9 /* ListsViewController.swift */ = {isa = PBXFileReference; lastKnownFileType = sourcecode.swift; path = ListsViewController.swift; sourceTree = "<group>"; };
		94D946A327B9130100E46EB9 /* HomeViewController.swift */ = {isa = PBXFileReference; lastKnownFileType = sourcecode.swift; path = HomeViewController.swift; sourceTree = "<group>"; };
		94D946A627B9134700E46EB9 /* TabBarViewController.swift */ = {isa = PBXFileReference; lastKnownFileType = sourcecode.swift; path = TabBarViewController.swift; sourceTree = "<group>"; };
		94D946A827B9187D00E46EB9 /* List.swift */ = {isa = PBXFileReference; lastKnownFileType = sourcecode.swift; path = List.swift; sourceTree = "<group>"; };
		94D946AA27B91A0200E46EB9 /* ColumnFlowLayout.swift */ = {isa = PBXFileReference; lastKnownFileType = sourcecode.swift; path = ColumnFlowLayout.swift; sourceTree = "<group>"; };
		94D946AC27B9243200E46EB9 /* NewListViewController.swift */ = {isa = PBXFileReference; lastKnownFileType = sourcecode.swift; path = NewListViewController.swift; sourceTree = "<group>"; };
		94D946B027B9271300E46EB9 /* Tab.swift */ = {isa = PBXFileReference; lastKnownFileType = sourcecode.swift; path = Tab.swift; sourceTree = "<group>"; };
		94D946B227B92F0E00E46EB9 /* ListCollectionViewCell.swift */ = {isa = PBXFileReference; lastKnownFileType = sourcecode.swift; path = ListCollectionViewCell.swift; sourceTree = "<group>"; };
		94D946B427B9333600E46EB9 /* Priority.swift */ = {isa = PBXFileReference; lastKnownFileType = sourcecode.swift; path = Priority.swift; sourceTree = "<group>"; };
/* End PBXFileReference section */

/* Begin PBXFrameworksBuildPhase section */
		94CB4FE227B8F7350025F46C /* Frameworks */ = {
			isa = PBXFrameworksBuildPhase;
			buildActionMask = 2147483647;
			files = (
				9454403227BDC32600F30858 /* FirebaseDatabase in Frameworks */,
				9454403427BDC32600F30858 /* FirebaseFirestore in Frameworks */,
				9454403C27BDC32600F30858 /* FirebaseStorageCombine-Community in Frameworks */,
				9454402E27BDC32600F30858 /* FirebaseAuth in Frameworks */,
				9454403627BDC32600F30858 /* FirebaseFirestoreCombine-Community in Frameworks */,
				9454403A27BDC32600F30858 /* FirebaseStorage in Frameworks */,
				9454403027BDC32600F30858 /* FirebaseAuthCombine-Community in Frameworks */,
				9454403827BDC32600F30858 /* FirebaseFunctionsCombine-Community in Frameworks */,
			);
			runOnlyForDeploymentPostprocessing = 0;
		};
		94CB4FF827B8F7360025F46C /* Frameworks */ = {
			isa = PBXFrameworksBuildPhase;
			buildActionMask = 2147483647;
			files = (
			);
			runOnlyForDeploymentPostprocessing = 0;
		};
		94CB500227B8F7360025F46C /* Frameworks */ = {
			isa = PBXFrameworksBuildPhase;
			buildActionMask = 2147483647;
			files = (
			);
			runOnlyForDeploymentPostprocessing = 0;
		};
/* End PBXFrameworksBuildPhase section */

/* Begin PBXGroup section */
		943093D827BEA10B001C0279 /* View */ = {
			isa = PBXGroup;
			children = (
				946A2D6227BE9FB300498AA2 /* SplashView.swift */,
				946A2D6027BE9F9800498AA2 /* SplashViewDelegate.swift */,
			);
			path = View;
			sourceTree = "<group>";
		};
		9454401227BDB1DA00F30858 /* Login */ = {
			isa = PBXGroup;
			children = (
				9454401527BDBC2600F30858 /* LoginViewControllerDelegate.swift */,
				9454401027BDB1D200F30858 /* LoginViewController.swift */,
				94CF569127BDD9D000500E7A /* Views */,
			);
			path = Login;
			sourceTree = "<group>";
		};
		946A2D5C27BE87C200498AA2 /* Signup */ = {
			isa = PBXGroup;
			children = (
				94B4CE4627BED8A8005D3C01 /* Controller */,
				94B4CE4727BED8B1005D3C01 /* View */,
			);
			path = Signup;
			sourceTree = "<group>";
		};
		946A2D6627BEA03C00498AA2 /* Controller */ = {
			isa = PBXGroup;
			children = (
				94D9468927B9067000E46EB9 /* SplashViewController.swift */,
				946A2D6427BEA01200498AA2 /* SplashViewConrollerDelegate.swift */,
			);
			path = Controller;
			sourceTree = "<group>";
		};
		94B4CE2F27BEB477005D3C01 /* Welcome */ = {
			isa = PBXGroup;
			children = (
				94B4CE4427BED898005D3C01 /* Controller */,
				94B4CE4527BED8A1005D3C01 /* View */,
			);
			path = Welcome;
			sourceTree = "<group>";
		};
		94B4CE3827BED719005D3C01 /* SwiftUI */ = {
			isa = PBXGroup;
			children = (
				94CF568B27BDD88500500E7A /* LoginButtonContent.swift */,
				94CF568927BDD86B00500E7A /* HeaderTextView.swift */,
				94B4CE3627BED6F6005D3C01 /* SubheaderTextView.swift */,
				94B4CE3427BED6D4005D3C01 /* H2TextView.swift */,
			);
			path = SwiftUI;
			sourceTree = "<group>";
		};
		94B4CE4327BED874005D3C01 /* Components */ = {
			isa = PBXGroup;
			children = (
				94B4CE3827BED719005D3C01 /* SwiftUI */,
				94CF568527BDD83C00500E7A /* Toast.swift */,
				9454401327BDB58200F30858 /* LoadingIndicatorViewController.swift */,
			);
			path = Components;
			sourceTree = "<group>";
		};
		94B4CE4427BED898005D3C01 /* Controller */ = {
			isa = PBXGroup;
			children = (
				94B4CE2D27BEB467005D3C01 /* WelcomeViewController.swift */,
				94B4CE3D27BED7C0005D3C01 /* WelcomeViewControllerDelegate.swift */,
			);
			path = Controller;
			sourceTree = "<group>";
		};
		94B4CE4527BED8A1005D3C01 /* View */ = {
			isa = PBXGroup;
			children = (
				94B4CE3B27BED7AC005D3C01 /* WelcomeViewDelegate.swift */,
				94B4CE3927BED790005D3C01 /* WelcomeView.swift */,
			);
			path = View;
			sourceTree = "<group>";
		};
		94B4CE4627BED8A8005D3C01 /* Controller */ = {
			isa = PBXGroup;
			children = (
				946A2D5A27BE879600498AA2 /* SignupViewController.swift */,
				94B4CE3F27BED7E8005D3C01 /* SignUpViewControllerDelegate.swift */,
			);
			path = Controller;
			sourceTree = "<group>";
		};
		94B4CE4727BED8B1005D3C01 /* View */ = {
			isa = PBXGroup;
			children = (
				943093D927BEA1E8001C0279 /* SignupView.swift */,
				94B4CE4127BED7FE005D3C01 /* SignupViewDelegate.swift */,
			);
			path = View;
			sourceTree = "<group>";
		};
		94B5460827BF012800499D35 /* Font */ = {
			isa = PBXGroup;
			children = (
				94B5461227BF021D00499D35 /* Poppins-Black.ttf */,
				94B5461327BF021D00499D35 /* Poppins-BlackItalic.ttf */,
				94B5460F27BF021D00499D35 /* Poppins-Bold.ttf */,
				94B5461527BF021D00499D35 /* Poppins-BoldItalic.ttf */,
				94B5461C27BF021E00499D35 /* Poppins-ExtraBold.ttf */,
				94B5460D27BF021D00499D35 /* Poppins-ExtraBoldItalic.ttf */,
				94B5461127BF021D00499D35 /* Poppins-ExtraLight.ttf */,
				94B5461A27BF021E00499D35 /* Poppins-ExtraLightItalic.ttf */,
				94B5461427BF021D00499D35 /* Poppins-Italic.ttf */,
				94B5460E27BF021D00499D35 /* Poppins-Light.ttf */,
				94B5461027BF021D00499D35 /* Poppins-LightItalic.ttf */,
				94B5461827BF021E00499D35 /* Poppins-Medium.ttf */,
				94B5461727BF021D00499D35 /* Poppins-MediumItalic.ttf */,
				94B5461D27BF021E00499D35 /* Poppins-Regular.ttf */,
				94B5460C27BF021D00499D35 /* Poppins-SemiBold.ttf */,
				94B5461627BF021D00499D35 /* Poppins-SemiBoldItalic.ttf */,
				94B5461B27BF021E00499D35 /* Poppins-Thin.ttf */,
				94B5461927BF021E00499D35 /* Poppins-ThinItalic.ttf */,
				94B5460B27BF020B00499D35 /* New Group */,
			);
			path = Font;
			sourceTree = "<group>";
		};
		94B5460B27BF020B00499D35 /* New Group */ = {
			isa = PBXGroup;
			children = (
				94B5460627BF012300499D35 /* Montserrat-Italic-VariableFont_wght.ttf */,
				94B5460727BF012300499D35 /* Montserrat-VariableFont_wght.ttf */,
			);
			path = "New Group";
			sourceTree = "<group>";
		};
		94CB4FDC27B8F7350025F46C = {
			isa = PBXGroup;
			children = (
				94CB4FE727B8F7350025F46C /* Tasky */,
				94CB4FFE27B8F7360025F46C /* TaskyTests */,
				94CB500827B8F7360025F46C /* TaskyUITests */,
				94CB4FE627B8F7350025F46C /* Products */,
			);
			sourceTree = "<group>";
		};
		94CB4FE627B8F7350025F46C /* Products */ = {
			isa = PBXGroup;
			children = (
				94CB4FE527B8F7350025F46C /* Tasky.app */,
				94CB4FFB27B8F7360025F46C /* TaskyTests.xctest */,
				94CB500527B8F7360025F46C /* TaskyUITests.xctest */,
			);
			name = Products;
			sourceTree = "<group>";
		};
		94CB4FE727B8F7350025F46C /* Tasky */ = {
			isa = PBXGroup;
			children = (
				94CB4FE827B8F7350025F46C /* AppDelegate.swift */,
				94CB4FEA27B8F7350025F46C /* SceneDelegate.swift */,
				94D9469A27B90EA500E46EB9 /* UI */,
				94D9468B27B9067700E46EB9 /* Models */,
				94D9469527B90D8000E46EB9 /* Services */,
				94D9468C27B9067F00E46EB9 /* Extensions */,
				94CB4FF127B8F7360025F46C /* Assets.xcassets */,
				94B5460827BF012800499D35 /* Font */,
				94CB4FF327B8F7360025F46C /* LaunchScreen.storyboard */,
				94CB4FF627B8F7360025F46C /* Info.plist */,
				9454400027BDACF800F30858 /* GoogleService-Info.plist */,
			);
			path = Tasky;
			sourceTree = "<group>";
		};
		94CB4FFE27B8F7360025F46C /* TaskyTests */ = {
			isa = PBXGroup;
			children = (
				94CB4FFF27B8F7360025F46C /* TaskyTests.swift */,
			);
			path = TaskyTests;
			sourceTree = "<group>";
		};
		94CB500827B8F7360025F46C /* TaskyUITests */ = {
			isa = PBXGroup;
			children = (
				94CB500927B8F7360025F46C /* TaskyUITests.swift */,
				94CB500B27B8F7360025F46C /* TaskyUITestsLaunchTests.swift */,
			);
			path = TaskyUITests;
			sourceTree = "<group>";
		};
		94CF569127BDD9D000500E7A /* Views */ = {
			isa = PBXGroup;
			children = (
				94CF568F27BDD8DE00500E7A /* LoginView.swift */,
				94CF568727BDD85600500E7A /* LoginViewDelegate.swift */,
			);
			path = Views;
			sourceTree = "<group>";
		};
		94CF569227BDDA0800500E7A /* Cells */ = {
			isa = PBXGroup;
			children = (
				94D7BA3427B975DC00C249EB /* HeaderView.swift */,
				94D946B227B92F0E00E46EB9 /* ListCollectionViewCell.swift */,
			);
			path = Cells;
			sourceTree = "<group>";
		};
		94D7BA3E27B9860600C249EB /* ViewModels */ = {
			isa = PBXGroup;
			children = (
				94D7BA3827B9854400C249EB /* CategorySection.swift */,
				94D7BA3627B9852200C249EB /* TagsSection.swift */,
			);
			path = ViewModels;
			sourceTree = "<group>";
		};
		94D9468B27B9067700E46EB9 /* Models */ = {
			isa = PBXGroup;
			children = (
				94D7BA3A27B9855F00C249EB /* Section.swift */,
				94B4CE3027BEC74F005D3C01 /* Tag.swift */,
				94D7BA3C27B9857E00C249EB /* DataSource.swift */,
				94D9468E27B90AD500E46EB9 /* AppConstants.swift */,
				94D9469B27B9116200E46EB9 /* Setting.swift */,
				94D946B427B9333600E46EB9 /* Priority.swift */,
				94D9468727B9058100E46EB9 /* Task.swift */,
				94D946A827B9187D00E46EB9 /* List.swift */,
			);
			path = Models;
			sourceTree = "<group>";
		};
		94D9468C27B9067F00E46EB9 /* Extensions */ = {
			isa = PBXGroup;
			children = (
				94D9468527B903D200E46EB9 /* UITabBar+Extension.swift */,
				9454401927BDBC8500F30858 /* UIColor + Extension.swift */,
				9454401727BDBC5100F30858 /* UITextField+Extension.swift */,
				9454403D27BDC64300F30858 /* UIViewController+Extension.swift */,
				94CF569327BDF4DB00500E7A /* FloatingButton.swift */,
			);
			path = Extensions;
			sourceTree = "<group>";
		};
		94D9468D27B9068D00E46EB9 /* Coordinators */ = {
			isa = PBXGroup;
			children = (
				94D9468327B9030C00E46EB9 /* ApplicationCoordinator.swift */,
				94D9468127B902ED00E46EB9 /* Coordinator.swift */,
			);
			path = Coordinators;
			sourceTree = "<group>";
		};
		94D9469027B90AEC00E46EB9 /* Splash */ = {
			isa = PBXGroup;
			children = (
				946A2D6627BEA03C00498AA2 /* Controller */,
				943093D827BEA10B001C0279 /* View */,
			);
			path = Splash;
			sourceTree = "<group>";
		};
		94D9469527B90D8000E46EB9 /* Services */ = {
			isa = PBXGroup;
			children = (
				94D9469127B90CAB00E46EB9 /* DataStorage.swift */,
				94CF568D27BDD89E00500E7A /* AuthenticationService.swift */,
				94B4CE3227BED69A005D3C01 /* KeychainHelper.swift */,
				94D9469327B90CC400E46EB9 /* Logger.swift */,
			);
			path = Services;
			sourceTree = "<group>";
		};
		94D9469827B90E8100E46EB9 /* Tasks */ = {
			isa = PBXGroup;
			children = (
				94D9469627B90E7C00E46EB9 /* TasksViewController.swift */,
			);
			path = Tasks;
			sourceTree = "<group>";
		};
		94D9469927B90E8C00E46EB9 /* Controllers */ = {
			isa = PBXGroup;
			children = (
				94B4CE2F27BEB477005D3C01 /* Welcome */,
				946A2D5C27BE87C200498AA2 /* Signup */,
				9454401227BDB1DA00F30858 /* Login */,
				94D9469827B90E8100E46EB9 /* Tasks */,
				94D9469027B90AEC00E46EB9 /* Splash */,
				94D9469F27B911E200E46EB9 /* Settings */,
				94D946A227B9122500E46EB9 /* Lists */,
				94D946AE27B9243900E46EB9 /* NewList */,
				94D946A527B9130400E46EB9 /* Home */,
				94D946AF27B9244400E46EB9 /* TabBar */,
				94D7BA3E27B9860600C249EB /* ViewModels */,
			);
			path = Controllers;
			sourceTree = "<group>";
		};
		94D9469A27B90EA500E46EB9 /* UI */ = {
			isa = PBXGroup;
			children = (
				94D9468D27B9068D00E46EB9 /* Coordinators */,
				94D9469927B90E8C00E46EB9 /* Controllers */,
				94B4CE4327BED874005D3C01 /* Components */,
				94D7BA3F27B986B300C249EB /* UIHelper.swift */,
			);
			path = UI;
			sourceTree = "<group>";
		};
		94D9469F27B911E200E46EB9 /* Settings */ = {
			isa = PBXGroup;
			children = (
				94D9469D27B911DD00E46EB9 /* SettingsViewController.swift */,
			);
			path = Settings;
			sourceTree = "<group>";
		};
		94D946A227B9122500E46EB9 /* Lists */ = {
			isa = PBXGroup;
			children = (
				94D946A027B9122000E46EB9 /* ListsViewController.swift */,
				94D946AA27B91A0200E46EB9 /* ColumnFlowLayout.swift */,
			);
			path = Lists;
			sourceTree = "<group>";
		};
		94D946A527B9130400E46EB9 /* Home */ = {
			isa = PBXGroup;
			children = (
				94CF569227BDDA0800500E7A /* Cells */,
				94D946A327B9130100E46EB9 /* HomeViewController.swift */,
			);
			path = Home;
			sourceTree = "<group>";
		};
		94D946AE27B9243900E46EB9 /* NewList */ = {
			isa = PBXGroup;
			children = (
				94D946AC27B9243200E46EB9 /* NewListViewController.swift */,
			);
			path = NewList;
			sourceTree = "<group>";
		};
		94D946AF27B9244400E46EB9 /* TabBar */ = {
			isa = PBXGroup;
			children = (
				94D946A627B9134700E46EB9 /* TabBarViewController.swift */,
				94D946B027B9271300E46EB9 /* Tab.swift */,
			);
			path = TabBar;
			sourceTree = "<group>";
		};
/* End PBXGroup section */

/* Begin PBXNativeTarget section */
		94CB4FE427B8F7350025F46C /* Tasky */ = {
			isa = PBXNativeTarget;
			buildConfigurationList = 94CB500F27B8F7360025F46C /* Build configuration list for PBXNativeTarget "Tasky" */;
			buildPhases = (
				94CB4FE127B8F7350025F46C /* Sources */,
				94CB4FE227B8F7350025F46C /* Frameworks */,
				94CB4FE327B8F7350025F46C /* Resources */,
			);
			buildRules = (
			);
			dependencies = (
			);
			name = Tasky;
			packageProductDependencies = (
				9454402D27BDC32600F30858 /* FirebaseAuth */,
				9454402F27BDC32600F30858 /* FirebaseAuthCombine-Community */,
				9454403127BDC32600F30858 /* FirebaseDatabase */,
				9454403327BDC32600F30858 /* FirebaseFirestore */,
				9454403527BDC32600F30858 /* FirebaseFirestoreCombine-Community */,
				9454403727BDC32600F30858 /* FirebaseFunctionsCombine-Community */,
				9454403927BDC32600F30858 /* FirebaseStorage */,
				9454403B27BDC32600F30858 /* FirebaseStorageCombine-Community */,
			);
			productName = Tasky;
			productReference = 94CB4FE527B8F7350025F46C /* Tasky.app */;
			productType = "com.apple.product-type.application";
		};
		94CB4FFA27B8F7360025F46C /* TaskyTests */ = {
			isa = PBXNativeTarget;
			buildConfigurationList = 94CB501227B8F7360025F46C /* Build configuration list for PBXNativeTarget "TaskyTests" */;
			buildPhases = (
				94CB4FF727B8F7360025F46C /* Sources */,
				94CB4FF827B8F7360025F46C /* Frameworks */,
				94CB4FF927B8F7360025F46C /* Resources */,
			);
			buildRules = (
			);
			dependencies = (
				94CB4FFD27B8F7360025F46C /* PBXTargetDependency */,
			);
			name = TaskyTests;
			productName = TaskyTests;
			productReference = 94CB4FFB27B8F7360025F46C /* TaskyTests.xctest */;
			productType = "com.apple.product-type.bundle.unit-test";
		};
		94CB500427B8F7360025F46C /* TaskyUITests */ = {
			isa = PBXNativeTarget;
			buildConfigurationList = 94CB501527B8F7360025F46C /* Build configuration list for PBXNativeTarget "TaskyUITests" */;
			buildPhases = (
				94CB500127B8F7360025F46C /* Sources */,
				94CB500227B8F7360025F46C /* Frameworks */,
				94CB500327B8F7360025F46C /* Resources */,
			);
			buildRules = (
			);
			dependencies = (
				94CB500727B8F7360025F46C /* PBXTargetDependency */,
			);
			name = TaskyUITests;
			productName = TaskyUITests;
			productReference = 94CB500527B8F7360025F46C /* TaskyUITests.xctest */;
			productType = "com.apple.product-type.bundle.ui-testing";
		};
/* End PBXNativeTarget section */

/* Begin PBXProject section */
		94CB4FDD27B8F7350025F46C /* Project object */ = {
			isa = PBXProject;
			attributes = {
				BuildIndependentTargetsInParallel = 1;
				LastSwiftUpdateCheck = 1320;
				LastUpgradeCheck = 1320;
				TargetAttributes = {
					94CB4FE427B8F7350025F46C = {
						CreatedOnToolsVersion = 13.2.1;
					};
					94CB4FFA27B8F7360025F46C = {
						CreatedOnToolsVersion = 13.2.1;
						TestTargetID = 94CB4FE427B8F7350025F46C;
					};
					94CB500427B8F7360025F46C = {
						CreatedOnToolsVersion = 13.2.1;
						TestTargetID = 94CB4FE427B8F7350025F46C;
					};
				};
			};
			buildConfigurationList = 94CB4FE027B8F7350025F46C /* Build configuration list for PBXProject "Tasky" */;
			compatibilityVersion = "Xcode 13.0";
			developmentRegion = en;
			hasScannedForEncodings = 0;
			knownRegions = (
				en,
				Base,
			);
			mainGroup = 94CB4FDC27B8F7350025F46C;
			packageReferences = (
				9454402C27BDC32600F30858 /* XCRemoteSwiftPackageReference "firebase-ios-sdk" */,
			);
			productRefGroup = 94CB4FE627B8F7350025F46C /* Products */;
			projectDirPath = "";
			projectRoot = "";
			targets = (
				94CB4FE427B8F7350025F46C /* Tasky */,
				94CB4FFA27B8F7360025F46C /* TaskyTests */,
				94CB500427B8F7360025F46C /* TaskyUITests */,
			);
		};
/* End PBXProject section */

/* Begin PBXResourcesBuildPhase section */
		94CB4FE327B8F7350025F46C /* Resources */ = {
			isa = PBXResourcesBuildPhase;
			buildActionMask = 2147483647;
			files = (
				94B5462927BF023D00499D35 /* Poppins-LightItalic.ttf in Resources */,
				94B5462427BF023000499D35 /* Poppins-ExtraLight.ttf in Resources */,
				94B5462727BF023700499D35 /* Poppins-Light.ttf in Resources */,
				94B5462127BF022800499D35 /* Poppins-BoldItalic.ttf in Resources */,
				94B5462627BF023400499D35 /* Poppins-Italic.ttf in Resources */,
				94B5462C27BF024500499D35 /* Poppins-SemiBold.ttf in Resources */,
				94B5461E27BF022000499D35 /* Poppins-Black.ttf in Resources */,
				94B5462827BF023A00499D35 /* Poppins-Medium.ttf in Resources */,
				94B5462A27BF023F00499D35 /* Poppins-MediumItalic.ttf in Resources */,
				94B5462E27BF024B00499D35 /* Poppins-Thin.ttf in Resources */,
				94B5461F27BF022300499D35 /* Poppins-BlackItalic.ttf in Resources */,
				94B5460927BF01CF00499D35 /* Montserrat-Italic-VariableFont_wght.ttf in Resources */,
				94B5462027BF022500499D35 /* Poppins-Bold.ttf in Resources */,
				94CB4FF527B8F7360025F46C /* LaunchScreen.storyboard in Resources */,
				94B5462327BF022D00499D35 /* Poppins-ExtraBoldItalic.ttf in Resources */,
				94B5462527BF023200499D35 /* Poppins-ExtraLightItalic.ttf in Resources */,
				94B5462227BF022B00499D35 /* Poppins-ExtraBold.ttf in Resources */,
				94CB4FF227B8F7360025F46C /* Assets.xcassets in Resources */,
				94B5462D27BF024900499D35 /* Poppins-SemiBoldItalic.ttf in Resources */,
				9454400127BDACF800F30858 /* GoogleService-Info.plist in Resources */,
				94B5462F27BF024E00499D35 /* Poppins-ThinItalic.ttf in Resources */,
				94B5462B27BF024200499D35 /* Poppins-Regular.ttf in Resources */,
				94B5460A27BF01D200499D35 /* Montserrat-VariableFont_wght.ttf in Resources */,
			);
			runOnlyForDeploymentPostprocessing = 0;
		};
		94CB4FF927B8F7360025F46C /* Resources */ = {
			isa = PBXResourcesBuildPhase;
			buildActionMask = 2147483647;
			files = (
			);
			runOnlyForDeploymentPostprocessing = 0;
		};
		94CB500327B8F7360025F46C /* Resources */ = {
			isa = PBXResourcesBuildPhase;
			buildActionMask = 2147483647;
			files = (
			);
			runOnlyForDeploymentPostprocessing = 0;
		};
/* End PBXResourcesBuildPhase section */

/* Begin PBXSourcesBuildPhase section */
		94CB4FE127B8F7350025F46C /* Sources */ = {
			isa = PBXSourcesBuildPhase;
			buildActionMask = 2147483647;
			files = (
				94B4CE3127BEC74F005D3C01 /* Tag.swift in Sources */,
				9454401627BDBC2600F30858 /* LoginViewControllerDelegate.swift in Sources */,
				946A2D6327BE9FB300498AA2 /* SplashView.swift in Sources */,
				94D946A727B9134700E46EB9 /* TabBarViewController.swift in Sources */,
				94D946AB27B91A0200E46EB9 /* ColumnFlowLayout.swift in Sources */,
				94D946A127B9122000E46EB9 /* ListsViewController.swift in Sources */,
				94D7BA3D27B9857E00C249EB /* DataSource.swift in Sources */,
				94B4CE3A27BED790005D3C01 /* WelcomeView.swift in Sources */,
				9454401827BDBC5100F30858 /* UITextField+Extension.swift in Sources */,
				94D9468427B9030C00E46EB9 /* ApplicationCoordinator.swift in Sources */,
				9454401127BDB1D200F30858 /* LoginViewController.swift in Sources */,
				94D9468627B903D200E46EB9 /* UITabBar+Extension.swift in Sources */,
				94CF568C27BDD88500500E7A /* LoginButtonContent.swift in Sources */,
				94CF568827BDD85600500E7A /* LoginViewDelegate.swift in Sources */,
				94D7BA3927B9854400C249EB /* CategorySection.swift in Sources */,
				94D946A927B9187D00E46EB9 /* List.swift in Sources */,
				94D7BA3B27B9855F00C249EB /* Section.swift in Sources */,
				946A2D6127BE9F9900498AA2 /* SplashViewDelegate.swift in Sources */,
				94B4CE3527BED6D4005D3C01 /* H2TextView.swift in Sources */,
				94D946B527B9333600E46EB9 /* Priority.swift in Sources */,
				94D946AD27B9243200E46EB9 /* NewListViewController.swift in Sources */,
				94D946B127B9271300E46EB9 /* Tab.swift in Sources */,
				9454401A27BDBC8600F30858 /* UIColor + Extension.swift in Sources */,
				94B4CE3727BED6F6005D3C01 /* SubheaderTextView.swift in Sources */,
				94D7BA3727B9852200C249EB /* TagsSection.swift in Sources */,
				9454403E27BDC64300F30858 /* UIViewController+Extension.swift in Sources */,
				943093DA27BEA1E8001C0279 /* SignupView.swift in Sources */,
				94D9469C27B9116200E46EB9 /* Setting.swift in Sources */,
				94D9469727B90E7C00E46EB9 /* TasksViewController.swift in Sources */,
				94D946A427B9130100E46EB9 /* HomeViewController.swift in Sources */,
				94B4CE3C27BED7AC005D3C01 /* WelcomeViewDelegate.swift in Sources */,
				94B4CE4227BED7FE005D3C01 /* SignupViewDelegate.swift in Sources */,
				94D9468227B902EE00E46EB9 /* Coordinator.swift in Sources */,
				94CF568E27BDD89E00500E7A /* AuthenticationService.swift in Sources */,
				94B4CE4027BED7E8005D3C01 /* SignUpViewControllerDelegate.swift in Sources */,
				94B4CE2E27BEB467005D3C01 /* WelcomeViewController.swift in Sources */,
				94D9469227B90CAB00E46EB9 /* DataStorage.swift in Sources */,
				94D9468F27B90AD600E46EB9 /* AppConstants.swift in Sources */,
				94D9469427B90CC400E46EB9 /* Logger.swift in Sources */,
				94D946B327B92F0E00E46EB9 /* ListCollectionViewCell.swift in Sources */,
				94CB4FE927B8F7350025F46C /* AppDelegate.swift in Sources */,
				94CF568627BDD83C00500E7A /* Toast.swift in Sources */,
				94B4CE3E27BED7C0005D3C01 /* WelcomeViewControllerDelegate.swift in Sources */,
				94D9468827B9058200E46EB9 /* Task.swift in Sources */,
				946A2D6527BEA01200498AA2 /* SplashViewConrollerDelegate.swift in Sources */,
				94D9469E27B911DD00E46EB9 /* SettingsViewController.swift in Sources */,
				9454401427BDB58200F30858 /* LoadingIndicatorViewController.swift in Sources */,
				94CB4FEB27B8F7350025F46C /* SceneDelegate.swift in Sources */,
				94D7BA3527B975DC00C249EB /* HeaderView.swift in Sources */,
				946A2D5B27BE879600498AA2 /* SignupViewController.swift in Sources */,
				94CF568A27BDD86B00500E7A /* HeaderTextView.swift in Sources */,
				94CF569427BDF4DB00500E7A /* FloatingButton.swift in Sources */,
				94D9468A27B9067000E46EB9 /* SplashViewController.swift in Sources */,
				94B4CE3327BED69B005D3C01 /* KeychainHelper.swift in Sources */,
				94CF569027BDD8DE00500E7A /* LoginView.swift in Sources */,
				94D7BA4027B986B300C249EB /* UIHelper.swift in Sources */,
			);
			runOnlyForDeploymentPostprocessing = 0;
		};
		94CB4FF727B8F7360025F46C /* Sources */ = {
			isa = PBXSourcesBuildPhase;
			buildActionMask = 2147483647;
			files = (
				94CB500027B8F7360025F46C /* TaskyTests.swift in Sources */,
			);
			runOnlyForDeploymentPostprocessing = 0;
		};
		94CB500127B8F7360025F46C /* Sources */ = {
			isa = PBXSourcesBuildPhase;
			buildActionMask = 2147483647;
			files = (
				94CB500A27B8F7360025F46C /* TaskyUITests.swift in Sources */,
				94CB500C27B8F7360025F46C /* TaskyUITestsLaunchTests.swift in Sources */,
			);
			runOnlyForDeploymentPostprocessing = 0;
		};
/* End PBXSourcesBuildPhase section */

/* Begin PBXTargetDependency section */
		94CB4FFD27B8F7360025F46C /* PBXTargetDependency */ = {
			isa = PBXTargetDependency;
			target = 94CB4FE427B8F7350025F46C /* Tasky */;
			targetProxy = 94CB4FFC27B8F7360025F46C /* PBXContainerItemProxy */;
		};
		94CB500727B8F7360025F46C /* PBXTargetDependency */ = {
			isa = PBXTargetDependency;
			target = 94CB4FE427B8F7350025F46C /* Tasky */;
			targetProxy = 94CB500627B8F7360025F46C /* PBXContainerItemProxy */;
		};
/* End PBXTargetDependency section */

/* Begin PBXVariantGroup section */
		94CB4FF327B8F7360025F46C /* LaunchScreen.storyboard */ = {
			isa = PBXVariantGroup;
			children = (
				94CB4FF427B8F7360025F46C /* Base */,
			);
			name = LaunchScreen.storyboard;
			sourceTree = "<group>";
		};
/* End PBXVariantGroup section */

/* Begin XCBuildConfiguration section */
		94CB500D27B8F7360025F46C /* Debug */ = {
			isa = XCBuildConfiguration;
			buildSettings = {
				ALWAYS_SEARCH_USER_PATHS = NO;
				CLANG_ANALYZER_NONNULL = YES;
				CLANG_ANALYZER_NUMBER_OBJECT_CONVERSION = YES_AGGRESSIVE;
				CLANG_CXX_LANGUAGE_STANDARD = "gnu++17";
				CLANG_CXX_LIBRARY = "libc++";
				CLANG_ENABLE_MODULES = YES;
				CLANG_ENABLE_OBJC_ARC = YES;
				CLANG_ENABLE_OBJC_WEAK = YES;
				CLANG_WARN_BLOCK_CAPTURE_AUTORELEASING = YES;
				CLANG_WARN_BOOL_CONVERSION = YES;
				CLANG_WARN_COMMA = YES;
				CLANG_WARN_CONSTANT_CONVERSION = YES;
				CLANG_WARN_DEPRECATED_OBJC_IMPLEMENTATIONS = YES;
				CLANG_WARN_DIRECT_OBJC_ISA_USAGE = YES_ERROR;
				CLANG_WARN_DOCUMENTATION_COMMENTS = YES;
				CLANG_WARN_EMPTY_BODY = YES;
				CLANG_WARN_ENUM_CONVERSION = YES;
				CLANG_WARN_INFINITE_RECURSION = YES;
				CLANG_WARN_INT_CONVERSION = YES;
				CLANG_WARN_NON_LITERAL_NULL_CONVERSION = YES;
				CLANG_WARN_OBJC_IMPLICIT_RETAIN_SELF = YES;
				CLANG_WARN_OBJC_LITERAL_CONVERSION = YES;
				CLANG_WARN_OBJC_ROOT_CLASS = YES_ERROR;
				CLANG_WARN_QUOTED_INCLUDE_IN_FRAMEWORK_HEADER = YES;
				CLANG_WARN_RANGE_LOOP_ANALYSIS = YES;
				CLANG_WARN_STRICT_PROTOTYPES = YES;
				CLANG_WARN_SUSPICIOUS_MOVE = YES;
				CLANG_WARN_UNGUARDED_AVAILABILITY = YES_AGGRESSIVE;
				CLANG_WARN_UNREACHABLE_CODE = YES;
				CLANG_WARN__DUPLICATE_METHOD_MATCH = YES;
				COPY_PHASE_STRIP = NO;
				DEBUG_INFORMATION_FORMAT = dwarf;
				ENABLE_STRICT_OBJC_MSGSEND = YES;
				ENABLE_TESTABILITY = YES;
				GCC_C_LANGUAGE_STANDARD = gnu11;
				GCC_DYNAMIC_NO_PIC = NO;
				GCC_NO_COMMON_BLOCKS = YES;
				GCC_OPTIMIZATION_LEVEL = 0;
				GCC_PREPROCESSOR_DEFINITIONS = (
					"DEBUG=1",
					"$(inherited)",
				);
				GCC_WARN_64_TO_32_BIT_CONVERSION = YES;
				GCC_WARN_ABOUT_RETURN_TYPE = YES_ERROR;
				GCC_WARN_UNDECLARED_SELECTOR = YES;
				GCC_WARN_UNINITIALIZED_AUTOS = YES_AGGRESSIVE;
				GCC_WARN_UNUSED_FUNCTION = YES;
				GCC_WARN_UNUSED_VARIABLE = YES;
				IPHONEOS_DEPLOYMENT_TARGET = 15.2;
				MTL_ENABLE_DEBUG_INFO = INCLUDE_SOURCE;
				MTL_FAST_MATH = YES;
				ONLY_ACTIVE_ARCH = YES;
				SDKROOT = iphoneos;
				SWIFT_ACTIVE_COMPILATION_CONDITIONS = DEBUG;
				SWIFT_OPTIMIZATION_LEVEL = "-Onone";
			};
			name = Debug;
		};
		94CB500E27B8F7360025F46C /* Release */ = {
			isa = XCBuildConfiguration;
			buildSettings = {
				ALWAYS_SEARCH_USER_PATHS = NO;
				CLANG_ANALYZER_NONNULL = YES;
				CLANG_ANALYZER_NUMBER_OBJECT_CONVERSION = YES_AGGRESSIVE;
				CLANG_CXX_LANGUAGE_STANDARD = "gnu++17";
				CLANG_CXX_LIBRARY = "libc++";
				CLANG_ENABLE_MODULES = YES;
				CLANG_ENABLE_OBJC_ARC = YES;
				CLANG_ENABLE_OBJC_WEAK = YES;
				CLANG_WARN_BLOCK_CAPTURE_AUTORELEASING = YES;
				CLANG_WARN_BOOL_CONVERSION = YES;
				CLANG_WARN_COMMA = YES;
				CLANG_WARN_CONSTANT_CONVERSION = YES;
				CLANG_WARN_DEPRECATED_OBJC_IMPLEMENTATIONS = YES;
				CLANG_WARN_DIRECT_OBJC_ISA_USAGE = YES_ERROR;
				CLANG_WARN_DOCUMENTATION_COMMENTS = YES;
				CLANG_WARN_EMPTY_BODY = YES;
				CLANG_WARN_ENUM_CONVERSION = YES;
				CLANG_WARN_INFINITE_RECURSION = YES;
				CLANG_WARN_INT_CONVERSION = YES;
				CLANG_WARN_NON_LITERAL_NULL_CONVERSION = YES;
				CLANG_WARN_OBJC_IMPLICIT_RETAIN_SELF = YES;
				CLANG_WARN_OBJC_LITERAL_CONVERSION = YES;
				CLANG_WARN_OBJC_ROOT_CLASS = YES_ERROR;
				CLANG_WARN_QUOTED_INCLUDE_IN_FRAMEWORK_HEADER = YES;
				CLANG_WARN_RANGE_LOOP_ANALYSIS = YES;
				CLANG_WARN_STRICT_PROTOTYPES = YES;
				CLANG_WARN_SUSPICIOUS_MOVE = YES;
				CLANG_WARN_UNGUARDED_AVAILABILITY = YES_AGGRESSIVE;
				CLANG_WARN_UNREACHABLE_CODE = YES;
				CLANG_WARN__DUPLICATE_METHOD_MATCH = YES;
				COPY_PHASE_STRIP = NO;
				DEBUG_INFORMATION_FORMAT = "dwarf-with-dsym";
				ENABLE_NS_ASSERTIONS = NO;
				ENABLE_STRICT_OBJC_MSGSEND = YES;
				GCC_C_LANGUAGE_STANDARD = gnu11;
				GCC_NO_COMMON_BLOCKS = YES;
				GCC_WARN_64_TO_32_BIT_CONVERSION = YES;
				GCC_WARN_ABOUT_RETURN_TYPE = YES_ERROR;
				GCC_WARN_UNDECLARED_SELECTOR = YES;
				GCC_WARN_UNINITIALIZED_AUTOS = YES_AGGRESSIVE;
				GCC_WARN_UNUSED_FUNCTION = YES;
				GCC_WARN_UNUSED_VARIABLE = YES;
				IPHONEOS_DEPLOYMENT_TARGET = 15.2;
				MTL_ENABLE_DEBUG_INFO = NO;
				MTL_FAST_MATH = YES;
				SDKROOT = iphoneos;
				SWIFT_COMPILATION_MODE = wholemodule;
				SWIFT_OPTIMIZATION_LEVEL = "-O";
				VALIDATE_PRODUCT = YES;
			};
			name = Release;
		};
		94CB501027B8F7360025F46C /* Debug */ = {
			isa = XCBuildConfiguration;
			buildSettings = {
				ASSETCATALOG_COMPILER_APPICON_NAME = AppIcon;
				ASSETCATALOG_COMPILER_GLOBAL_ACCENT_COLOR_NAME = AccentColor;
				CODE_SIGN_STYLE = Automatic;
				CURRENT_PROJECT_VERSION = 1;
				DEVELOPMENT_TEAM = 4SZP4Q326F;
				GENERATE_INFOPLIST_FILE = YES;
				INFOPLIST_FILE = Tasky/Info.plist;
				INFOPLIST_KEY_UIApplicationSupportsIndirectInputEvents = YES;
				INFOPLIST_KEY_UILaunchStoryboardName = LaunchScreen;
				INFOPLIST_KEY_UISupportedInterfaceOrientations_iPad = "UIInterfaceOrientationPortrait UIInterfaceOrientationPortraitUpsideDown UIInterfaceOrientationLandscapeLeft UIInterfaceOrientationLandscapeRight";
				INFOPLIST_KEY_UISupportedInterfaceOrientations_iPhone = "UIInterfaceOrientationPortrait UIInterfaceOrientationLandscapeLeft UIInterfaceOrientationLandscapeRight";
				LD_RUNPATH_SEARCH_PATHS = (
					"$(inherited)",
					"@executable_path/Frameworks",
				);
				MARKETING_VERSION = 1.0;
				PRODUCT_BUNDLE_IDENTIFIER = com.froleeyo.Tasky;
				PRODUCT_NAME = "$(TARGET_NAME)";
				SWIFT_EMIT_LOC_STRINGS = YES;
				SWIFT_VERSION = 5.0;
				TARGETED_DEVICE_FAMILY = "1,2";
			};
			name = Debug;
		};
		94CB501127B8F7360025F46C /* Release */ = {
			isa = XCBuildConfiguration;
			buildSettings = {
				ASSETCATALOG_COMPILER_APPICON_NAME = AppIcon;
				ASSETCATALOG_COMPILER_GLOBAL_ACCENT_COLOR_NAME = AccentColor;
				CODE_SIGN_STYLE = Automatic;
				CURRENT_PROJECT_VERSION = 1;
				DEVELOPMENT_TEAM = 4SZP4Q326F;
				GENERATE_INFOPLIST_FILE = YES;
				INFOPLIST_FILE = Tasky/Info.plist;
				INFOPLIST_KEY_UIApplicationSupportsIndirectInputEvents = YES;
				INFOPLIST_KEY_UILaunchStoryboardName = LaunchScreen;
				INFOPLIST_KEY_UISupportedInterfaceOrientations_iPad = "UIInterfaceOrientationPortrait UIInterfaceOrientationPortraitUpsideDown UIInterfaceOrientationLandscapeLeft UIInterfaceOrientationLandscapeRight";
				INFOPLIST_KEY_UISupportedInterfaceOrientations_iPhone = "UIInterfaceOrientationPortrait UIInterfaceOrientationLandscapeLeft UIInterfaceOrientationLandscapeRight";
				LD_RUNPATH_SEARCH_PATHS = (
					"$(inherited)",
					"@executable_path/Frameworks",
				);
				MARKETING_VERSION = 1.0;
				PRODUCT_BUNDLE_IDENTIFIER = com.froleeyo.Tasky;
				PRODUCT_NAME = "$(TARGET_NAME)";
				SWIFT_EMIT_LOC_STRINGS = YES;
				SWIFT_VERSION = 5.0;
				TARGETED_DEVICE_FAMILY = "1,2";
			};
			name = Release;
		};
		94CB501327B8F7360025F46C /* Debug */ = {
			isa = XCBuildConfiguration;
			buildSettings = {
				ALWAYS_EMBED_SWIFT_STANDARD_LIBRARIES = YES;
				BUNDLE_LOADER = "$(TEST_HOST)";
				CODE_SIGN_STYLE = Automatic;
				CURRENT_PROJECT_VERSION = 1;
				DEVELOPMENT_TEAM = 4SZP4Q326F;
				GENERATE_INFOPLIST_FILE = YES;
				IPHONEOS_DEPLOYMENT_TARGET = 15.2;
				MARKETING_VERSION = 1.0;
				PRODUCT_BUNDLE_IDENTIFIER = com.froleeyo.TaskyTests;
				PRODUCT_NAME = "$(TARGET_NAME)";
				SWIFT_EMIT_LOC_STRINGS = NO;
				SWIFT_VERSION = 5.0;
				TARGETED_DEVICE_FAMILY = "1,2";
				TEST_HOST = "$(BUILT_PRODUCTS_DIR)/Tasky.app/Tasky";
			};
			name = Debug;
		};
		94CB501427B8F7360025F46C /* Release */ = {
			isa = XCBuildConfiguration;
			buildSettings = {
				ALWAYS_EMBED_SWIFT_STANDARD_LIBRARIES = YES;
				BUNDLE_LOADER = "$(TEST_HOST)";
				CODE_SIGN_STYLE = Automatic;
				CURRENT_PROJECT_VERSION = 1;
				DEVELOPMENT_TEAM = 4SZP4Q326F;
				GENERATE_INFOPLIST_FILE = YES;
				IPHONEOS_DEPLOYMENT_TARGET = 15.2;
				MARKETING_VERSION = 1.0;
				PRODUCT_BUNDLE_IDENTIFIER = com.froleeyo.TaskyTests;
				PRODUCT_NAME = "$(TARGET_NAME)";
				SWIFT_EMIT_LOC_STRINGS = NO;
				SWIFT_VERSION = 5.0;
				TARGETED_DEVICE_FAMILY = "1,2";
				TEST_HOST = "$(BUILT_PRODUCTS_DIR)/Tasky.app/Tasky";
			};
			name = Release;
		};
		94CB501627B8F7360025F46C /* Debug */ = {
			isa = XCBuildConfiguration;
			buildSettings = {
				ALWAYS_EMBED_SWIFT_STANDARD_LIBRARIES = YES;
				CODE_SIGN_STYLE = Automatic;
				CURRENT_PROJECT_VERSION = 1;
				DEVELOPMENT_TEAM = 4SZP4Q326F;
				GENERATE_INFOPLIST_FILE = YES;
				MARKETING_VERSION = 1.0;
				PRODUCT_BUNDLE_IDENTIFIER = com.froleeyo.TaskyUITests;
				PRODUCT_NAME = "$(TARGET_NAME)";
				SWIFT_EMIT_LOC_STRINGS = NO;
				SWIFT_VERSION = 5.0;
				TARGETED_DEVICE_FAMILY = "1,2";
				TEST_TARGET_NAME = Tasky;
			};
			name = Debug;
		};
		94CB501727B8F7360025F46C /* Release */ = {
			isa = XCBuildConfiguration;
			buildSettings = {
				ALWAYS_EMBED_SWIFT_STANDARD_LIBRARIES = YES;
				CODE_SIGN_STYLE = Automatic;
				CURRENT_PROJECT_VERSION = 1;
				DEVELOPMENT_TEAM = 4SZP4Q326F;
				GENERATE_INFOPLIST_FILE = YES;
				MARKETING_VERSION = 1.0;
				PRODUCT_BUNDLE_IDENTIFIER = com.froleeyo.TaskyUITests;
				PRODUCT_NAME = "$(TARGET_NAME)";
				SWIFT_EMIT_LOC_STRINGS = NO;
				SWIFT_VERSION = 5.0;
				TARGETED_DEVICE_FAMILY = "1,2";
				TEST_TARGET_NAME = Tasky;
			};
			name = Release;
		};
/* End XCBuildConfiguration section */

/* Begin XCConfigurationList section */
		94CB4FE027B8F7350025F46C /* Build configuration list for PBXProject "Tasky" */ = {
			isa = XCConfigurationList;
			buildConfigurations = (
				94CB500D27B8F7360025F46C /* Debug */,
				94CB500E27B8F7360025F46C /* Release */,
			);
			defaultConfigurationIsVisible = 0;
			defaultConfigurationName = Release;
		};
		94CB500F27B8F7360025F46C /* Build configuration list for PBXNativeTarget "Tasky" */ = {
			isa = XCConfigurationList;
			buildConfigurations = (
				94CB501027B8F7360025F46C /* Debug */,
				94CB501127B8F7360025F46C /* Release */,
			);
			defaultConfigurationIsVisible = 0;
			defaultConfigurationName = Release;
		};
		94CB501227B8F7360025F46C /* Build configuration list for PBXNativeTarget "TaskyTests" */ = {
			isa = XCConfigurationList;
			buildConfigurations = (
				94CB501327B8F7360025F46C /* Debug */,
				94CB501427B8F7360025F46C /* Release */,
			);
			defaultConfigurationIsVisible = 0;
			defaultConfigurationName = Release;
		};
		94CB501527B8F7360025F46C /* Build configuration list for PBXNativeTarget "TaskyUITests" */ = {
			isa = XCConfigurationList;
			buildConfigurations = (
				94CB501627B8F7360025F46C /* Debug */,
				94CB501727B8F7360025F46C /* Release */,
			);
			defaultConfigurationIsVisible = 0;
			defaultConfigurationName = Release;
		};
/* End XCConfigurationList section */

/* Begin XCRemoteSwiftPackageReference section */
		9454402C27BDC32600F30858 /* XCRemoteSwiftPackageReference "firebase-ios-sdk" */ = {
			isa = XCRemoteSwiftPackageReference;
			repositoryURL = "https://github.com/firebase/firebase-ios-sdk";
			requirement = {
				branch = master;
				kind = branch;
			};
		};
/* End XCRemoteSwiftPackageReference section */

/* Begin XCSwiftPackageProductDependency section */
		9454402D27BDC32600F30858 /* FirebaseAuth */ = {
			isa = XCSwiftPackageProductDependency;
			package = 9454402C27BDC32600F30858 /* XCRemoteSwiftPackageReference "firebase-ios-sdk" */;
			productName = FirebaseAuth;
		};
		9454402F27BDC32600F30858 /* FirebaseAuthCombine-Community */ = {
			isa = XCSwiftPackageProductDependency;
			package = 9454402C27BDC32600F30858 /* XCRemoteSwiftPackageReference "firebase-ios-sdk" */;
			productName = "FirebaseAuthCombine-Community";
		};
		9454403127BDC32600F30858 /* FirebaseDatabase */ = {
			isa = XCSwiftPackageProductDependency;
			package = 9454402C27BDC32600F30858 /* XCRemoteSwiftPackageReference "firebase-ios-sdk" */;
			productName = FirebaseDatabase;
		};
		9454403327BDC32600F30858 /* FirebaseFirestore */ = {
			isa = XCSwiftPackageProductDependency;
			package = 9454402C27BDC32600F30858 /* XCRemoteSwiftPackageReference "firebase-ios-sdk" */;
			productName = FirebaseFirestore;
		};
		9454403527BDC32600F30858 /* FirebaseFirestoreCombine-Community */ = {
			isa = XCSwiftPackageProductDependency;
			package = 9454402C27BDC32600F30858 /* XCRemoteSwiftPackageReference "firebase-ios-sdk" */;
			productName = "FirebaseFirestoreCombine-Community";
		};
		9454403727BDC32600F30858 /* FirebaseFunctionsCombine-Community */ = {
			isa = XCSwiftPackageProductDependency;
			package = 9454402C27BDC32600F30858 /* XCRemoteSwiftPackageReference "firebase-ios-sdk" */;
			productName = "FirebaseFunctionsCombine-Community";
		};
		9454403927BDC32600F30858 /* FirebaseStorage */ = {
			isa = XCSwiftPackageProductDependency;
			package = 9454402C27BDC32600F30858 /* XCRemoteSwiftPackageReference "firebase-ios-sdk" */;
			productName = FirebaseStorage;
		};
		9454403B27BDC32600F30858 /* FirebaseStorageCombine-Community */ = {
			isa = XCSwiftPackageProductDependency;
			package = 9454402C27BDC32600F30858 /* XCRemoteSwiftPackageReference "firebase-ios-sdk" */;
			productName = "FirebaseStorageCombine-Community";
		};
/* End XCSwiftPackageProductDependency section */
	};
	rootObject = 94CB4FDD27B8F7350025F46C /* Project object */;
}
